// !$*UTF8*$!
{
	archiveVersion = 1;
	classes = {
	};
	objectVersion = 51;
	objects = {

/* Begin PBXBuildFile section */
		377C9925EFA6FE0876C78D74 /* Pods_DNLocalMusicPlayer.framework in Frameworks */ = {isa = PBXBuildFile; fileRef = 0935B688ED7DB5E6D2246AB0 /* Pods_DNLocalMusicPlayer.framework */; };
		F51A3BA524C850B100F49E10 /* UserDefaultsManager.swift in Sources */ = {isa = PBXBuildFile; fileRef = F51A3BA424C850B100F49E10 /* UserDefaultsManager.swift */; };
		F51C100324B31CBC0079DD35 /* CustomWindow.swift in Sources */ = {isa = PBXBuildFile; fileRef = F51C100224B31CBC0079DD35 /* CustomWindow.swift */; };
		F51C100724B3220B0079DD35 /* DNTitleBarView.swift in Sources */ = {isa = PBXBuildFile; fileRef = F51C100624B3220B0079DD35 /* DNTitleBarView.swift */; };
		F51F896B24AD87060066E920 /* AppDelegate.swift in Sources */ = {isa = PBXBuildFile; fileRef = F51F896A24AD87060066E920 /* AppDelegate.swift */; };
		F51F896F24AD87060066E920 /* Document.swift in Sources */ = {isa = PBXBuildFile; fileRef = F51F896E24AD87060066E920 /* Document.swift */; };
		F51F897124AD87080066E920 /* Assets.xcassets in Resources */ = {isa = PBXBuildFile; fileRef = F51F897024AD87080066E920 /* Assets.xcassets */; };
		F51F898024AD8BF10066E920 /* Localizations.strings in Resources */ = {isa = PBXBuildFile; fileRef = F51F898224AD8BF10066E920 /* Localizations.strings */; };
		F51F898624AD8D460066E920 /* InfoPlist.strings in Resources */ = {isa = PBXBuildFile; fileRef = F51F898824AD8D460066E920 /* InfoPlist.strings */; };
		F51F899524ADBB480066E920 /* BottomPlayView.storyboard in Resources */ = {isa = PBXBuildFile; fileRef = F51F899424ADBB480066E920 /* BottomPlayView.storyboard */; };
		F51F899C24ADBC920066E920 /* Main.storyboard in Resources */ = {isa = PBXBuildFile; fileRef = F51F899B24ADBC920066E920 /* Main.storyboard */; };
		F51F89A224ADBDE80066E920 /* PlayList.storyboard in Resources */ = {isa = PBXBuildFile; fileRef = F51F89A124ADBDE80066E920 /* PlayList.storyboard */; };
		F51F89A824ADBEC10066E920 /* DetailsPage.storyboard in Resources */ = {isa = PBXBuildFile; fileRef = F51F89A724ADBEC10066E920 /* DetailsPage.storyboard */; };
		F51F89AA24ADBF600066E920 /* DetailsPageViewController.swift in Sources */ = {isa = PBXBuildFile; fileRef = F51F89A924ADBF600066E920 /* DetailsPageViewController.swift */; };
		F51F89AE24ADC0A20066E920 /* NSColor-Extension.swift in Sources */ = {isa = PBXBuildFile; fileRef = F51F89AD24ADC0A20066E920 /* NSColor-Extension.swift */; };
		F51F89B024ADC26E0066E920 /* BaseViewController.swift in Sources */ = {isa = PBXBuildFile; fileRef = F51F89AF24ADC26E0066E920 /* BaseViewController.swift */; };
		F51F89B224ADC2FB0066E920 /* PlayListViewController.swift in Sources */ = {isa = PBXBuildFile; fileRef = F51F89B124ADC2FB0066E920 /* PlayListViewController.swift */; };
		F51F89B424ADC3470066E920 /* BottomPlayViewController.swift in Sources */ = {isa = PBXBuildFile; fileRef = F51F89B324ADC3470066E920 /* BottomPlayViewController.swift */; };
		F51F89BA24ADC89F0066E920 /* PlayView.storyboard in Resources */ = {isa = PBXBuildFile; fileRef = F51F89B924ADC89F0066E920 /* PlayView.storyboard */; };
		F51F89BC24ADC8C80066E920 /* PlayViewController.swift in Sources */ = {isa = PBXBuildFile; fileRef = F51F89BB24ADC8C80066E920 /* PlayViewController.swift */; };
		F51F8A1124AEDC550066E920 /* MiniPlayerDislikeButtonDisabled.tiff in Resources */ = {isa = PBXBuildFile; fileRef = F51F89C224AEDC510066E920 /* MiniPlayerDislikeButtonDisabled.tiff */; };
		F51F8A1224AEDC550066E920 /* MiniPlayerLargeAlbumDefault.tiff in Resources */ = {isa = PBXBuildFile; fileRef = F51F89C324AEDC510066E920 /* MiniPlayerLargeAlbumDefault.tiff */; };
		F51F8A1324AEDC550066E920 /* MiniPlayerPlaylistClosure.tiff in Resources */ = {isa = PBXBuildFile; fileRef = F51F89C424AEDC510066E920 /* MiniPlayerPlaylistClosure.tiff */; };
		F51F8A1424AEDC550066E920 /* MiniPlayerVolumeButtonPressedDark.tiff in Resources */ = {isa = PBXBuildFile; fileRef = F51F89C524AEDC510066E920 /* MiniPlayerVolumeButtonPressedDark.tiff */; };
		F51F8A1524AEDC550066E920 /* MiniPlayerLyricsButtonPressed.tiff in Resources */ = {isa = PBXBuildFile; fileRef = F51F89C624AEDC510066E920 /* MiniPlayerLyricsButtonPressed.tiff */; };
		F51F8A1624AEDC550066E920 /* YYYMiniPlayerVolumeBarHeader.tiff in Resources */ = {isa = PBXBuildFile; fileRef = F51F89C724AEDC510066E920 /* YYYMiniPlayerVolumeBarHeader.tiff */; };
		F51F8A1724AEDC550066E920 /* MiniPlayerLyricsButtonDark.tiff in Resources */ = {isa = PBXBuildFile; fileRef = F51F89C824AEDC510066E920 /* MiniPlayerLyricsButtonDark.tiff */; };
		F51F8A1824AEDC550066E920 /* MiniPlayerFastForwardButtonDisabled.tiff in Resources */ = {isa = PBXBuildFile; fileRef = F51F89C924AEDC510066E920 /* MiniPlayerFastForwardButtonDisabled.tiff */; };
		F51F8A1924AEDC550066E920 /* MiniPlayerVolumeButtonDark.tiff in Resources */ = {isa = PBXBuildFile; fileRef = F51F89CA24AEDC510066E920 /* MiniPlayerVolumeButtonDark.tiff */; };
		F51F8A1A24AEDC550066E920 /* MiniPlayerAlbumFoldUpButton.tiff in Resources */ = {isa = PBXBuildFile; fileRef = F51F89CB24AEDC510066E920 /* MiniPlayerAlbumFoldUpButton.tiff */; };
		F51F8A1B24AEDC550066E920 /* MiniPlayerPlaylistButtonDisabledDark.tiff in Resources */ = {isa = PBXBuildFile; fileRef = F51F89CC24AEDC510066E920 /* MiniPlayerPlaylistButtonDisabledDark.tiff */; };
		F51F8A1C24AEDC550066E920 /* MiniPlayerVolumeButtonDisabledDark.tiff in Resources */ = {isa = PBXBuildFile; fileRef = F51F89CD24AEDC510066E920 /* MiniPlayerVolumeButtonDisabledDark.tiff */; };
		F51F8A1D24AEDC550066E920 /* MiniPlayerDislikeButtonDisabledDark.tiff in Resources */ = {isa = PBXBuildFile; fileRef = F51F89CE24AEDC510066E920 /* MiniPlayerDislikeButtonDisabledDark.tiff */; };
		F51F8A1E24AEDC550066E920 /* MiniPlayerDeleteButton.tiff in Resources */ = {isa = PBXBuildFile; fileRef = F51F89CF24AEDC510066E920 /* MiniPlayerDeleteButton.tiff */; };
		F51F8A1F24AEDC550066E920 /* MiniPlayerPlaylistClosurePressed.tiff in Resources */ = {isa = PBXBuildFile; fileRef = F51F89D024AEDC510066E920 /* MiniPlayerPlaylistClosurePressed.tiff */; };
		F51F8A2024AEDC550066E920 /* MiniPlayerPraiseButtonDisabled.tiff in Resources */ = {isa = PBXBuildFile; fileRef = F51F89D124AEDC510066E920 /* MiniPlayerPraiseButtonDisabled.tiff */; };
		F51F8A2124AEDC550066E920 /* MiniPlayerVolumeButton.tiff in Resources */ = {isa = PBXBuildFile; fileRef = F51F89D224AEDC510066E920 /* MiniPlayerVolumeButton.tiff */; };
		F51F8A2224AEDC550066E920 /* YYYMiniPlayerVolumeBarHeaderDark.tiff in Resources */ = {isa = PBXBuildFile; fileRef = F51F89D324AEDC510066E920 /* YYYMiniPlayerVolumeBarHeaderDark.tiff */; };
		F51F8A2324AEDC550066E920 /* MiniPlayerDeleteButtonPressed.tiff in Resources */ = {isa = PBXBuildFile; fileRef = F51F89D424AEDC510066E920 /* MiniPlayerDeleteButtonPressed.tiff */; };
		F51F8A2424AEDC550066E920 /* MiniPlayerCloseButtonDark.tiff in Resources */ = {isa = PBXBuildFile; fileRef = F51F89D524AEDC510066E920 /* MiniPlayerCloseButtonDark.tiff */; };
		F51F8A2524AEDC550066E920 /* YYYMiniPlayerVolumeBarMaxDark.tiff in Resources */ = {isa = PBXBuildFile; fileRef = F51F89D624AEDC510066E920 /* YYYMiniPlayerVolumeBarMaxDark.tiff */; };
		F51F8A2624AEDC550066E920 /* MiniPlayerDeleteButtonDark.tiff in Resources */ = {isa = PBXBuildFile; fileRef = F51F89D724AEDC510066E920 /* MiniPlayerDeleteButtonDark.tiff */; };
		F51F8A2724AEDC550066E920 /* MiniPlayerDeleteButtonDisabled.tiff in Resources */ = {isa = PBXBuildFile; fileRef = F51F89D824AEDC510066E920 /* MiniPlayerDeleteButtonDisabled.tiff */; };
		F51F8A2824AEDC550066E920 /* MiniPlayerNormalModeButtonPressed.tiff in Resources */ = {isa = PBXBuildFile; fileRef = F51F89D924AEDC510066E920 /* MiniPlayerNormalModeButtonPressed.tiff */; };
		F51F8A2924AEDC550066E920 /* MiniPlayerNormalModeButtonPressedDark.tiff in Resources */ = {isa = PBXBuildFile; fileRef = F51F89DA24AEDC510066E920 /* MiniPlayerNormalModeButtonPressedDark.tiff */; };
		F51F8A2A24AEDC550066E920 /* YYYMiniPlayerVolumeBarMax.tiff in Resources */ = {isa = PBXBuildFile; fileRef = F51F89DB24AEDC520066E920 /* YYYMiniPlayerVolumeBarMax.tiff */; };
		F51F8A2B24AEDC550066E920 /* MiniPlayerPauseButtonDisabled.tiff in Resources */ = {isa = PBXBuildFile; fileRef = F51F89DC24AEDC520066E920 /* MiniPlayerPauseButtonDisabled.tiff */; };
		F51F8A2C24AEDC550066E920 /* MiniPlayerPauseButtonSelected.tiff in Resources */ = {isa = PBXBuildFile; fileRef = F51F89DD24AEDC520066E920 /* MiniPlayerPauseButtonSelected.tiff */; };
		F51F8A2D24AEDC550066E920 /* MiniPlayerDislikeButtonDark.tiff in Resources */ = {isa = PBXBuildFile; fileRef = F51F89DE24AEDC520066E920 /* MiniPlayerDislikeButtonDark.tiff */; };
		F51F8A2E24AEDC550066E920 /* MiniPlayerCloseButtonPressedDark.tiff in Resources */ = {isa = PBXBuildFile; fileRef = F51F89DF24AEDC520066E920 /* MiniPlayerCloseButtonPressedDark.tiff */; };
		F51F8A2F24AEDC550066E920 /* MiniPlayerPlaylistButtonPressedDark.tiff in Resources */ = {isa = PBXBuildFile; fileRef = F51F89E024AEDC520066E920 /* MiniPlayerPlaylistButtonPressedDark.tiff */; };
		F51F8A3024AEDC550066E920 /* MiniPlayerPraiseButtonPressedDark.tiff in Resources */ = {isa = PBXBuildFile; fileRef = F51F89E124AEDC520066E920 /* MiniPlayerPraiseButtonPressedDark.tiff */; };
		F51F8A3124AEDC550066E920 /* MiniPlayerPlayButtonDisabled.tiff in Resources */ = {isa = PBXBuildFile; fileRef = F51F89E224AEDC520066E920 /* MiniPlayerPlayButtonDisabled.tiff */; };
		F51F8A3224AEDC550066E920 /* MiniPlayerDislikeButton.tiff in Resources */ = {isa = PBXBuildFile; fileRef = F51F89E324AEDC520066E920 /* MiniPlayerDislikeButton.tiff */; };
		F51F8A3324AEDC550066E920 /* MiniPlayerFastForwardButton.tiff in Resources */ = {isa = PBXBuildFile; fileRef = F51F89E424AEDC520066E920 /* MiniPlayerFastForwardButton.tiff */; };
		F51F8A3424AEDC550066E920 /* MiniPlayerLyricsButtonDisabled.tiff in Resources */ = {isa = PBXBuildFile; fileRef = F51F89E524AEDC520066E920 /* MiniPlayerLyricsButtonDisabled.tiff */; };
		F51F8A3524AEDC550066E920 /* MiniPlayerMiniAlbumDefault.tiff in Resources */ = {isa = PBXBuildFile; fileRef = F51F89E624AEDC520066E920 /* MiniPlayerMiniAlbumDefault.tiff */; };
		F51F8A3624AEDC550066E920 /* MiniPlayerPraisedButtonPressed.tiff in Resources */ = {isa = PBXBuildFile; fileRef = F51F89E724AEDC520066E920 /* MiniPlayerPraisedButtonPressed.tiff */; };
		F51F8A3724AEDC550066E920 /* YYYMiniPlayerVolumeBarMinDark.tiff in Resources */ = {isa = PBXBuildFile; fileRef = F51F89E824AEDC520066E920 /* YYYMiniPlayerVolumeBarMinDark.tiff */; };
		F51F8A3824AEDC550066E920 /* MiniPlayerPauseButton.tiff in Resources */ = {isa = PBXBuildFile; fileRef = F51F89E924AEDC520066E920 /* MiniPlayerPauseButton.tiff */; };
		F51F8A3924AEDC550066E920 /* MiniPlayerAlbumFoldUpSpread.tiff in Resources */ = {isa = PBXBuildFile; fileRef = F51F89EA24AEDC520066E920 /* MiniPlayerAlbumFoldUpSpread.tiff */; };
		F51F8A3A24AEDC550066E920 /* MiniPlayerFastForwardButtonSelected.tiff in Resources */ = {isa = PBXBuildFile; fileRef = F51F89EB24AEDC530066E920 /* MiniPlayerFastForwardButtonSelected.tiff */; };
		F51F8A3B24AEDC550066E920 /* MiniPlayerPraiseButton.tiff in Resources */ = {isa = PBXBuildFile; fileRef = F51F89EC24AEDC530066E920 /* MiniPlayerPraiseButton.tiff */; };
		F51F8A3C24AEDC550066E920 /* MiniPlayerPlaylistButtonPressed.tiff in Resources */ = {isa = PBXBuildFile; fileRef = F51F89ED24AEDC530066E920 /* MiniPlayerPlaylistButtonPressed.tiff */; };
		F51F8A3D24AEDC550066E920 /* MiniPlayerNormalModeButton.tiff in Resources */ = {isa = PBXBuildFile; fileRef = F51F89EE24AEDC530066E920 /* MiniPlayerNormalModeButton.tiff */; };
		F51F8A3E24AEDC550066E920 /* MiniPlayerLyricsButtonActive.tiff in Resources */ = {isa = PBXBuildFile; fileRef = F51F89EF24AEDC530066E920 /* MiniPlayerLyricsButtonActive.tiff */; };
		F51F8A3F24AEDC550066E920 /* MiniPlayerPlayButtonSelected.tiff in Resources */ = {isa = PBXBuildFile; fileRef = F51F89F024AEDC530066E920 /* MiniPlayerPlayButtonSelected.tiff */; };
		F51F8A4024AEDC550066E920 /* MiniPlayerDislikeButtonPressed.tiff in Resources */ = {isa = PBXBuildFile; fileRef = F51F89F124AEDC530066E920 /* MiniPlayerDislikeButtonPressed.tiff */; };
		F51F8A4124AEDC550066E920 /* MiniPlayerPraisedButton.tiff in Resources */ = {isa = PBXBuildFile; fileRef = F51F89F224AEDC530066E920 /* MiniPlayerPraisedButton.tiff */; };
		F51F8A4224AEDC550066E920 /* MiniPlayerPlaylistClosureDark.tiff in Resources */ = {isa = PBXBuildFile; fileRef = F51F89F324AEDC530066E920 /* MiniPlayerPlaylistClosureDark.tiff */; };
		F51F8A4324AEDC550066E920 /* MiniPlayerPraiseButtonDark.tiff in Resources */ = {isa = PBXBuildFile; fileRef = F51F89F424AEDC530066E920 /* MiniPlayerPraiseButtonDark.tiff */; };
		F51F8A4424AEDC550066E920 /* MiniPlayerNormalModeButtonDark.tiff in Resources */ = {isa = PBXBuildFile; fileRef = F51F89F524AEDC530066E920 /* MiniPlayerNormalModeButtonDark.tiff */; };
		F51F8A4524AEDC550066E920 /* MiniPlayerVolumeButtonDisabled.tiff in Resources */ = {isa = PBXBuildFile; fileRef = F51F89F624AEDC530066E920 /* MiniPlayerVolumeButtonDisabled.tiff */; };
		F51F8A4624AEDC550066E920 /* MiniPlayerPlaylistClosurePressedDark.tiff in Resources */ = {isa = PBXBuildFile; fileRef = F51F89F724AEDC530066E920 /* MiniPlayerPlaylistClosurePressedDark.tiff */; };
		F51F8A4724AEDC550066E920 /* MiniPlayerDeleteButtonDisabledDark.tiff in Resources */ = {isa = PBXBuildFile; fileRef = F51F89F824AEDC530066E920 /* MiniPlayerDeleteButtonDisabledDark.tiff */; };
		F51F8A4824AEDC550066E920 /* YYYMiniPlayerVolumeBarTailerDark.tiff in Resources */ = {isa = PBXBuildFile; fileRef = F51F89F924AEDC530066E920 /* YYYMiniPlayerVolumeBarTailerDark.tiff */; };
		F51F8A4924AEDC550066E920 /* MiniPlayerPlayButton.tiff in Resources */ = {isa = PBXBuildFile; fileRef = F51F89FA24AEDC540066E920 /* MiniPlayerPlayButton.tiff */; };
		F51F8A4A24AEDC550066E920 /* MiniPlayerVolumeButtonPressed.tiff in Resources */ = {isa = PBXBuildFile; fileRef = F51F89FB24AEDC540066E920 /* MiniPlayerVolumeButtonPressed.tiff */; };
		F51F8A4B24AEDC550066E920 /* MiniPlayerDislikeButtonPressedDark.tiff in Resources */ = {isa = PBXBuildFile; fileRef = F51F89FC24AEDC540066E920 /* MiniPlayerDislikeButtonPressedDark.tiff */; };
		F51F8A4C24AEDC550066E920 /* MiniPlayerPraiseButtonDisabledDark.tiff in Resources */ = {isa = PBXBuildFile; fileRef = F51F89FD24AEDC540066E920 /* MiniPlayerPraiseButtonDisabledDark.tiff */; };
		F51F8A4D24AEDC550066E920 /* MiniPlayerDeleteButtonPressedDark.tiff in Resources */ = {isa = PBXBuildFile; fileRef = F51F89FE24AEDC540066E920 /* MiniPlayerDeleteButtonPressedDark.tiff */; };
		F51F8A4E24AEDC550066E920 /* MiniPlayerLikeButtonPressed.tiff in Resources */ = {isa = PBXBuildFile; fileRef = F51F89FF24AEDC540066E920 /* MiniPlayerLikeButtonPressed.tiff */; };
		F51F8A4F24AEDC550066E920 /* MiniPlayerPlaylistButtonDark.tiff in Resources */ = {isa = PBXBuildFile; fileRef = F51F8A0024AEDC540066E920 /* MiniPlayerPlaylistButtonDark.tiff */; };
		F51F8A5024AEDC550066E920 /* MiniPlayerPlaylistButton.tiff in Resources */ = {isa = PBXBuildFile; fileRef = F51F8A0124AEDC540066E920 /* MiniPlayerPlaylistButton.tiff */; };
		F51F8A5124AEDC550066E920 /* MiniPlayerPlaylistInfoButton.tiff in Resources */ = {isa = PBXBuildFile; fileRef = F51F8A0224AEDC540066E920 /* MiniPlayerPlaylistInfoButton.tiff */; };
		F51F8A5224AEDC550066E920 /* MiniPlayerRewindButton.tiff in Resources */ = {isa = PBXBuildFile; fileRef = F51F8A0324AEDC540066E920 /* MiniPlayerRewindButton.tiff */; };
		F51F8A5324AEDC550066E920 /* MiniPlayerLyricsButtonPressedDark.tiff in Resources */ = {isa = PBXBuildFile; fileRef = F51F8A0424AEDC540066E920 /* MiniPlayerLyricsButtonPressedDark.tiff */; };
		F51F8A5424AEDC550066E920 /* MiniPlayerPraiseButtonPressed.tiff in Resources */ = {isa = PBXBuildFile; fileRef = F51F8A0524AEDC540066E920 /* MiniPlayerPraiseButtonPressed.tiff */; };
		F51F8A5524AEDC550066E920 /* MiniPlayerLyricsButtonDisabledDark.tiff in Resources */ = {isa = PBXBuildFile; fileRef = F51F8A0624AEDC540066E920 /* MiniPlayerLyricsButtonDisabledDark.tiff */; };
		F51F8A5624AEDC550066E920 /* YYYMiniPlayerVolumeBarTailer.tiff in Resources */ = {isa = PBXBuildFile; fileRef = F51F8A0724AEDC540066E920 /* YYYMiniPlayerVolumeBarTailer.tiff */; };
		F51F8A5724AEDC550066E920 /* MiniPlayerLyricsButton.tiff in Resources */ = {isa = PBXBuildFile; fileRef = F51F8A0824AEDC540066E920 /* MiniPlayerLyricsButton.tiff */; };
		F51F8A5824AEDC550066E920 /* MiniPlayerRewindButtonDisabled.tiff in Resources */ = {isa = PBXBuildFile; fileRef = F51F8A0924AEDC540066E920 /* MiniPlayerRewindButtonDisabled.tiff */; };
		F51F8A5924AEDC550066E920 /* YYYMiniPlayerVolumeBarMin.tiff in Resources */ = {isa = PBXBuildFile; fileRef = F51F8A0A24AEDC550066E920 /* YYYMiniPlayerVolumeBarMin.tiff */; };
		F51F8A5A24AEDC550066E920 /* MiniPlayerRewindButtonSelected.tiff in Resources */ = {isa = PBXBuildFile; fileRef = F51F8A0B24AEDC550066E920 /* MiniPlayerRewindButtonSelected.tiff */; };
		F51F8A5B24AEDC550066E920 /* MiniPlayerPraisedButtonDisabled.tiff in Resources */ = {isa = PBXBuildFile; fileRef = F51F8A0C24AEDC550066E920 /* MiniPlayerPraisedButtonDisabled.tiff */; };
		F51F8A5C24AEDC550066E920 /* MiniPlayerLikeButton.tiff in Resources */ = {isa = PBXBuildFile; fileRef = F51F8A0D24AEDC550066E920 /* MiniPlayerLikeButton.tiff */; };
		F51F8A5D24AEDC550066E920 /* MiniPlayerPlaylistButtonDisabled.tiff in Resources */ = {isa = PBXBuildFile; fileRef = F51F8A0E24AEDC550066E920 /* MiniPlayerPlaylistButtonDisabled.tiff */; };
		F51F8A5E24AEDC550066E920 /* MiniPlayerCloseButton.tiff in Resources */ = {isa = PBXBuildFile; fileRef = F51F8A0F24AEDC550066E920 /* MiniPlayerCloseButton.tiff */; };
		F51F8A5F24AEDC550066E920 /* MiniPlayerCloseButtonPressed.tiff in Resources */ = {isa = PBXBuildFile; fileRef = F51F8A1024AEDC550066E920 /* MiniPlayerCloseButtonPressed.tiff */; };
		F51F8A6224AEF8670066E920 /* DNButton.swift in Sources */ = {isa = PBXBuildFile; fileRef = F51F8A6124AEF8670066E920 /* DNButton.swift */; };
		F52ABDEC24BD98E400D093C4 /* DNTableRow.swift in Sources */ = {isa = PBXBuildFile; fileRef = F52ABDEB24BD98E400D093C4 /* DNTableRow.swift */; };
		F55C3BC524B87E4C00017FBD /* SongManager.swift in Sources */ = {isa = PBXBuildFile; fileRef = F55C3BC424B87E4C00017FBD /* SongManager.swift */; };
		F55C3BC724B87E8700017FBD /* Song.swift in Sources */ = {isa = PBXBuildFile; fileRef = F55C3BC624B87E8700017FBD /* Song.swift */; };
		F560F99524AF3730008FC9C9 /* VolumePopover.swift in Sources */ = {isa = PBXBuildFile; fileRef = F560F99324AF3730008FC9C9 /* VolumePopover.swift */; };
		F560F99624AF3730008FC9C9 /* VolumePopover.xib in Resources */ = {isa = PBXBuildFile; fileRef = F560F99424AF3730008FC9C9 /* VolumePopover.xib */; };
		F560F99A24AF3C04008FC9C9 /* CurrentPlaylist.storyboard in Resources */ = {isa = PBXBuildFile; fileRef = F560F99924AF3C04008FC9C9 /* CurrentPlaylist.storyboard */; };
		F560F99D24AF3C6B008FC9C9 /* CurrentPlaylistViewController.swift in Sources */ = {isa = PBXBuildFile; fileRef = F560F99B24AF3C6B008FC9C9 /* CurrentPlaylistViewController.swift */; };
		F560F9A024AF4B4B008FC9C9 /* Constants.swift in Sources */ = {isa = PBXBuildFile; fileRef = F560F99F24AF4B4B008FC9C9 /* Constants.swift */; };
		F56F6A6D24B9C03F005D550A /* PlayerManager.swift in Sources */ = {isa = PBXBuildFile; fileRef = F56F6A6C24B9C03F005D550A /* PlayerManager.swift */; };
		F58574EC24BC4EC800C7E957 /* Utility.swift in Sources */ = {isa = PBXBuildFile; fileRef = F58574EB24BC4EC800C7E957 /* Utility.swift */; };
		F58AEC8F24BC6CF6007C0C75 /* Playlist.swift in Sources */ = {isa = PBXBuildFile; fileRef = F58AEC8E24BC6CF6007C0C75 /* Playlist.swift */; };
		F58EF75F24C02424001E94FF /* DNAlertView.swift in Sources */ = {isa = PBXBuildFile; fileRef = F58EF75E24C02424001E94FF /* DNAlertView.swift */; };
		F58EF76324C02DC5001E94FF /* DNAlertView.xib in Resources */ = {isa = PBXBuildFile; fileRef = F58EF76224C02DC5001E94FF /* DNAlertView.xib */; };
		F58EF76524C04A00001E94FF /* NSView-Extension.swift in Sources */ = {isa = PBXBuildFile; fileRef = F58EF76424C04A00001E94FF /* NSView-Extension.swift */; };
		F58EF76724C052B0001E94FF /* NSTextField-Extension.swift in Sources */ = {isa = PBXBuildFile; fileRef = F58EF76624C052B0001E94FF /* NSTextField-Extension.swift */; };
		F5ACF75F24BBF2A9000A41E1 /* DNTitleButton.swift in Sources */ = {isa = PBXBuildFile; fileRef = F5ACF75E24BBF2A9000A41E1 /* DNTitleButton.swift */; };
		F5BE353724C186EC007A1D5C /* DNFippedScrollView.swift in Sources */ = {isa = PBXBuildFile; fileRef = F5BE353624C186EC007A1D5C /* DNFippedScrollView.swift */; };
		F5BE353B24C19100007A1D5C /* FippedTableBackScrollView.swift in Sources */ = {isa = PBXBuildFile; fileRef = F5BE353A24C19100007A1D5C /* FippedTableBackScrollView.swift */; };
		F5BE353D24C1A120007A1D5C /* DetailsViewHeaderView.swift in Sources */ = {isa = PBXBuildFile; fileRef = F5BE353C24C1A120007A1D5C /* DetailsViewHeaderView.swift */; };
		F5BE353F24C1A160007A1D5C /* DetailsViewHeaderView.xib in Resources */ = {isa = PBXBuildFile; fileRef = F5BE353E24C1A160007A1D5C /* DetailsViewHeaderView.xib */; };
		F5BE354124C1AC8B007A1D5C /* DNAlphaButton.swift in Sources */ = {isa = PBXBuildFile; fileRef = F5BE354024C1AC8B007A1D5C /* DNAlphaButton.swift */; };
		F5BE354324C1BF9A007A1D5C /* DetailsNoSongsNoteView.swift in Sources */ = {isa = PBXBuildFile; fileRef = F5BE354224C1BF9A007A1D5C /* DetailsNoSongsNoteView.swift */; };
		F5BE354524C1BFA2007A1D5C /* DetailsNoSongsNoteView.xib in Resources */ = {isa = PBXBuildFile; fileRef = F5BE354424C1BFA2007A1D5C /* DetailsNoSongsNoteView.xib */; };
		F5CAE88524C18587003901F5 /* DNFippedView.swift in Sources */ = {isa = PBXBuildFile; fileRef = F5CAE88424C18587003901F5 /* DNFippedView.swift */; };
		F5CFA52224B342B1001D1343 /* MainViewController.swift in Sources */ = {isa = PBXBuildFile; fileRef = F5CFA52124B342B1001D1343 /* MainViewController.swift */; };
		F5CFA52424B40748001D1343 /* DNBaseView.swift in Sources */ = {isa = PBXBuildFile; fileRef = F5CFA52324B40748001D1343 /* DNBaseView.swift */; };
		F5DC90A224C6BFC300FFB4FB /* WindowTitleBar.storyboard in Resources */ = {isa = PBXBuildFile; fileRef = F5DC90A124C6BFC300FFB4FB /* WindowTitleBar.storyboard */; };
		F5DC90A424C6C26000FFB4FB /* WindowTitileBar.swift in Sources */ = {isa = PBXBuildFile; fileRef = F5DC90A324C6C26000FFB4FB /* WindowTitileBar.swift */; };
		F5DC90A624C6E55000FFB4FB /* CustomAlbumButton.swift in Sources */ = {isa = PBXBuildFile; fileRef = F5DC90A524C6E55000FFB4FB /* CustomAlbumButton.swift */; };
		F5DC90AE24C6F29800FFB4FB /* SongProgress.storyboard in Resources */ = {isa = PBXBuildFile; fileRef = F5DC90AD24C6F29800FFB4FB /* SongProgress.storyboard */; };
		F5DC90B024C6F2BA00FFB4FB /* SongProgressViewController.swift in Sources */ = {isa = PBXBuildFile; fileRef = F5DC90AF24C6F2BA00FFB4FB /* SongProgressViewController.swift */; };
		F5DC90BA24C80FD700FFB4FB /* DNVolumeSlider.swift in Sources */ = {isa = PBXBuildFile; fileRef = F5DC90B924C80FD700FFB4FB /* DNVolumeSlider.swift */; };
		F5DC90BE24C8118F00FFB4FB /* DNSliderCell.swift in Sources */ = {isa = PBXBuildFile; fileRef = F5DC90BD24C8118F00FFB4FB /* DNSliderCell.swift */; };
		F5DC90C024C8137300FFB4FB /* DNSlider.swift in Sources */ = {isa = PBXBuildFile; fileRef = F5DC90BF24C8137300FFB4FB /* DNSlider.swift */; };
		F5EE566F24B6CC3B00CE9ABC /* WindowManager.swift in Sources */ = {isa = PBXBuildFile; fileRef = F5EE566E24B6CC3B00CE9ABC /* WindowManager.swift */; };
/* End PBXBuildFile section */

/* Begin PBXFileReference section */
		0935B688ED7DB5E6D2246AB0 /* Pods_DNLocalMusicPlayer.framework */ = {isa = PBXFileReference; explicitFileType = wrapper.framework; includeInIndex = 0; path = Pods_DNLocalMusicPlayer.framework; sourceTree = BUILT_PRODUCTS_DIR; };
		B00D5D51D60A5E837DCC0F81 /* Pods-DNLocalMusicPlayer.release.xcconfig */ = {isa = PBXFileReference; includeInIndex = 1; lastKnownFileType = text.xcconfig; name = "Pods-DNLocalMusicPlayer.release.xcconfig"; path = "Target Support Files/Pods-DNLocalMusicPlayer/Pods-DNLocalMusicPlayer.release.xcconfig"; sourceTree = "<group>"; };
		C98DC77936359675D8B9A143 /* Pods-DNLocalMusicPlayer.debug.xcconfig */ = {isa = PBXFileReference; includeInIndex = 1; lastKnownFileType = text.xcconfig; name = "Pods-DNLocalMusicPlayer.debug.xcconfig"; path = "Target Support Files/Pods-DNLocalMusicPlayer/Pods-DNLocalMusicPlayer.debug.xcconfig"; sourceTree = "<group>"; };
		F51A3BA424C850B100F49E10 /* UserDefaultsManager.swift */ = {isa = PBXFileReference; lastKnownFileType = sourcecode.swift; path = UserDefaultsManager.swift; sourceTree = "<group>"; };
		F51C100224B31CBC0079DD35 /* CustomWindow.swift */ = {isa = PBXFileReference; lastKnownFileType = sourcecode.swift; path = CustomWindow.swift; sourceTree = "<group>"; };
		F51C100624B3220B0079DD35 /* DNTitleBarView.swift */ = {isa = PBXFileReference; lastKnownFileType = sourcecode.swift; path = DNTitleBarView.swift; sourceTree = "<group>"; };
		F51F896724AD87060066E920 /* DN音乐.app */ = {isa = PBXFileReference; explicitFileType = wrapper.application; includeInIndex = 0; path = "DN音乐.app"; sourceTree = BUILT_PRODUCTS_DIR; };
		F51F896A24AD87060066E920 /* AppDelegate.swift */ = {isa = PBXFileReference; lastKnownFileType = sourcecode.swift; path = AppDelegate.swift; sourceTree = "<group>"; };
		F51F896E24AD87060066E920 /* Document.swift */ = {isa = PBXFileReference; lastKnownFileType = sourcecode.swift; path = Document.swift; sourceTree = "<group>"; };
		F51F897024AD87080066E920 /* Assets.xcassets */ = {isa = PBXFileReference; lastKnownFileType = folder.assetcatalog; path = Assets.xcassets; sourceTree = "<group>"; };
		F51F897524AD87080066E920 /* Info.plist */ = {isa = PBXFileReference; lastKnownFileType = text.plist.xml; path = Info.plist; sourceTree = "<group>"; };
		F51F897624AD87080066E920 /* DNLocalMusicPlayer.entitlements */ = {isa = PBXFileReference; lastKnownFileType = text.plist.entitlements; path = DNLocalMusicPlayer.entitlements; sourceTree = "<group>"; };
		F51F898124AD8BF10066E920 /* en */ = {isa = PBXFileReference; lastKnownFileType = text.plist.strings; name = en; path = en.lproj/Localizations.strings; sourceTree = "<group>"; };
		F51F898324AD8C030066E920 /* zh-Hans */ = {isa = PBXFileReference; lastKnownFileType = text.plist.strings; name = "zh-Hans"; path = "zh-Hans.lproj/Localizations.strings"; sourceTree = "<group>"; };
		F51F898724AD8D460066E920 /* zh-Hans */ = {isa = PBXFileReference; lastKnownFileType = text.plist.strings; name = "zh-Hans"; path = "zh-Hans.lproj/InfoPlist.strings"; sourceTree = "<group>"; };
		F51F898924AD8D4A0066E920 /* en */ = {isa = PBXFileReference; lastKnownFileType = text.plist.strings; name = en; path = en.lproj/InfoPlist.strings; sourceTree = "<group>"; };
		F51F899424ADBB480066E920 /* BottomPlayView.storyboard */ = {isa = PBXFileReference; fileEncoding = 4; lastKnownFileType = file.storyboard; path = BottomPlayView.storyboard; sourceTree = "<group>"; };
		F51F899B24ADBC920066E920 /* Main.storyboard */ = {isa = PBXFileReference; fileEncoding = 4; lastKnownFileType = file.storyboard; path = Main.storyboard; sourceTree = "<group>"; };
		F51F89A124ADBDE80066E920 /* PlayList.storyboard */ = {isa = PBXFileReference; fileEncoding = 4; lastKnownFileType = file.storyboard; path = PlayList.storyboard; sourceTree = "<group>"; };
		F51F89A724ADBEC10066E920 /* DetailsPage.storyboard */ = {isa = PBXFileReference; fileEncoding = 4; lastKnownFileType = file.storyboard; path = DetailsPage.storyboard; sourceTree = "<group>"; };
		F51F89A924ADBF600066E920 /* DetailsPageViewController.swift */ = {isa = PBXFileReference; lastKnownFileType = sourcecode.swift; path = DetailsPageViewController.swift; sourceTree = "<group>"; };
		F51F89AD24ADC0A20066E920 /* NSColor-Extension.swift */ = {isa = PBXFileReference; lastKnownFileType = sourcecode.swift; path = "NSColor-Extension.swift"; sourceTree = "<group>"; };
		F51F89AF24ADC26E0066E920 /* BaseViewController.swift */ = {isa = PBXFileReference; lastKnownFileType = sourcecode.swift; path = BaseViewController.swift; sourceTree = "<group>"; };
		F51F89B124ADC2FB0066E920 /* PlayListViewController.swift */ = {isa = PBXFileReference; lastKnownFileType = sourcecode.swift; path = PlayListViewController.swift; sourceTree = "<group>"; };
		F51F89B324ADC3470066E920 /* BottomPlayViewController.swift */ = {isa = PBXFileReference; lastKnownFileType = sourcecode.swift; path = BottomPlayViewController.swift; sourceTree = "<group>"; };
		F51F89B924ADC89F0066E920 /* PlayView.storyboard */ = {isa = PBXFileReference; fileEncoding = 4; lastKnownFileType = file.storyboard; name = PlayView.storyboard; path = DNLocalMusicPlayer/Classes/Playview/Controller/PlayView.storyboard; sourceTree = SOURCE_ROOT; };
		F51F89BB24ADC8C80066E920 /* PlayViewController.swift */ = {isa = PBXFileReference; lastKnownFileType = sourcecode.swift; path = PlayViewController.swift; sourceTree = "<group>"; };
		F51F89C224AEDC510066E920 /* MiniPlayerDislikeButtonDisabled.tiff */ = {isa = PBXFileReference; lastKnownFileType = image.tiff; path = MiniPlayerDislikeButtonDisabled.tiff; sourceTree = "<group>"; };
		F51F89C324AEDC510066E920 /* MiniPlayerLargeAlbumDefault.tiff */ = {isa = PBXFileReference; lastKnownFileType = image.tiff; path = MiniPlayerLargeAlbumDefault.tiff; sourceTree = "<group>"; };
		F51F89C424AEDC510066E920 /* MiniPlayerPlaylistClosure.tiff */ = {isa = PBXFileReference; lastKnownFileType = image.tiff; path = MiniPlayerPlaylistClosure.tiff; sourceTree = "<group>"; };
		F51F89C524AEDC510066E920 /* MiniPlayerVolumeButtonPressedDark.tiff */ = {isa = PBXFileReference; lastKnownFileType = image.tiff; path = MiniPlayerVolumeButtonPressedDark.tiff; sourceTree = "<group>"; };
		F51F89C624AEDC510066E920 /* MiniPlayerLyricsButtonPressed.tiff */ = {isa = PBXFileReference; lastKnownFileType = image.tiff; path = MiniPlayerLyricsButtonPressed.tiff; sourceTree = "<group>"; };
		F51F89C724AEDC510066E920 /* YYYMiniPlayerVolumeBarHeader.tiff */ = {isa = PBXFileReference; lastKnownFileType = image.tiff; path = YYYMiniPlayerVolumeBarHeader.tiff; sourceTree = "<group>"; };
		F51F89C824AEDC510066E920 /* MiniPlayerLyricsButtonDark.tiff */ = {isa = PBXFileReference; lastKnownFileType = image.tiff; path = MiniPlayerLyricsButtonDark.tiff; sourceTree = "<group>"; };
		F51F89C924AEDC510066E920 /* MiniPlayerFastForwardButtonDisabled.tiff */ = {isa = PBXFileReference; lastKnownFileType = image.tiff; path = MiniPlayerFastForwardButtonDisabled.tiff; sourceTree = "<group>"; };
		F51F89CA24AEDC510066E920 /* MiniPlayerVolumeButtonDark.tiff */ = {isa = PBXFileReference; lastKnownFileType = image.tiff; path = MiniPlayerVolumeButtonDark.tiff; sourceTree = "<group>"; };
		F51F89CB24AEDC510066E920 /* MiniPlayerAlbumFoldUpButton.tiff */ = {isa = PBXFileReference; lastKnownFileType = image.tiff; path = MiniPlayerAlbumFoldUpButton.tiff; sourceTree = "<group>"; };
		F51F89CC24AEDC510066E920 /* MiniPlayerPlaylistButtonDisabledDark.tiff */ = {isa = PBXFileReference; lastKnownFileType = image.tiff; path = MiniPlayerPlaylistButtonDisabledDark.tiff; sourceTree = "<group>"; };
		F51F89CD24AEDC510066E920 /* MiniPlayerVolumeButtonDisabledDark.tiff */ = {isa = PBXFileReference; lastKnownFileType = image.tiff; path = MiniPlayerVolumeButtonDisabledDark.tiff; sourceTree = "<group>"; };
		F51F89CE24AEDC510066E920 /* MiniPlayerDislikeButtonDisabledDark.tiff */ = {isa = PBXFileReference; lastKnownFileType = image.tiff; path = MiniPlayerDislikeButtonDisabledDark.tiff; sourceTree = "<group>"; };
		F51F89CF24AEDC510066E920 /* MiniPlayerDeleteButton.tiff */ = {isa = PBXFileReference; lastKnownFileType = image.tiff; path = MiniPlayerDeleteButton.tiff; sourceTree = "<group>"; };
		F51F89D024AEDC510066E920 /* MiniPlayerPlaylistClosurePressed.tiff */ = {isa = PBXFileReference; lastKnownFileType = image.tiff; path = MiniPlayerPlaylistClosurePressed.tiff; sourceTree = "<group>"; };
		F51F89D124AEDC510066E920 /* MiniPlayerPraiseButtonDisabled.tiff */ = {isa = PBXFileReference; lastKnownFileType = image.tiff; path = MiniPlayerPraiseButtonDisabled.tiff; sourceTree = "<group>"; };
		F51F89D224AEDC510066E920 /* MiniPlayerVolumeButton.tiff */ = {isa = PBXFileReference; lastKnownFileType = image.tiff; path = MiniPlayerVolumeButton.tiff; sourceTree = "<group>"; };
		F51F89D324AEDC510066E920 /* YYYMiniPlayerVolumeBarHeaderDark.tiff */ = {isa = PBXFileReference; lastKnownFileType = image.tiff; path = YYYMiniPlayerVolumeBarHeaderDark.tiff; sourceTree = "<group>"; };
		F51F89D424AEDC510066E920 /* MiniPlayerDeleteButtonPressed.tiff */ = {isa = PBXFileReference; lastKnownFileType = image.tiff; path = MiniPlayerDeleteButtonPressed.tiff; sourceTree = "<group>"; };
		F51F89D524AEDC510066E920 /* MiniPlayerCloseButtonDark.tiff */ = {isa = PBXFileReference; lastKnownFileType = image.tiff; path = MiniPlayerCloseButtonDark.tiff; sourceTree = "<group>"; };
		F51F89D624AEDC510066E920 /* YYYMiniPlayerVolumeBarMaxDark.tiff */ = {isa = PBXFileReference; lastKnownFileType = image.tiff; path = YYYMiniPlayerVolumeBarMaxDark.tiff; sourceTree = "<group>"; };
		F51F89D724AEDC510066E920 /* MiniPlayerDeleteButtonDark.tiff */ = {isa = PBXFileReference; lastKnownFileType = image.tiff; path = MiniPlayerDeleteButtonDark.tiff; sourceTree = "<group>"; };
		F51F89D824AEDC510066E920 /* MiniPlayerDeleteButtonDisabled.tiff */ = {isa = PBXFileReference; lastKnownFileType = image.tiff; path = MiniPlayerDeleteButtonDisabled.tiff; sourceTree = "<group>"; };
		F51F89D924AEDC510066E920 /* MiniPlayerNormalModeButtonPressed.tiff */ = {isa = PBXFileReference; lastKnownFileType = image.tiff; path = MiniPlayerNormalModeButtonPressed.tiff; sourceTree = "<group>"; };
		F51F89DA24AEDC510066E920 /* MiniPlayerNormalModeButtonPressedDark.tiff */ = {isa = PBXFileReference; lastKnownFileType = image.tiff; path = MiniPlayerNormalModeButtonPressedDark.tiff; sourceTree = "<group>"; };
		F51F89DB24AEDC520066E920 /* YYYMiniPlayerVolumeBarMax.tiff */ = {isa = PBXFileReference; lastKnownFileType = image.tiff; path = YYYMiniPlayerVolumeBarMax.tiff; sourceTree = "<group>"; };
		F51F89DC24AEDC520066E920 /* MiniPlayerPauseButtonDisabled.tiff */ = {isa = PBXFileReference; lastKnownFileType = image.tiff; path = MiniPlayerPauseButtonDisabled.tiff; sourceTree = "<group>"; };
		F51F89DD24AEDC520066E920 /* MiniPlayerPauseButtonSelected.tiff */ = {isa = PBXFileReference; lastKnownFileType = image.tiff; path = MiniPlayerPauseButtonSelected.tiff; sourceTree = "<group>"; };
		F51F89DE24AEDC520066E920 /* MiniPlayerDislikeButtonDark.tiff */ = {isa = PBXFileReference; lastKnownFileType = image.tiff; path = MiniPlayerDislikeButtonDark.tiff; sourceTree = "<group>"; };
		F51F89DF24AEDC520066E920 /* MiniPlayerCloseButtonPressedDark.tiff */ = {isa = PBXFileReference; lastKnownFileType = image.tiff; path = MiniPlayerCloseButtonPressedDark.tiff; sourceTree = "<group>"; };
		F51F89E024AEDC520066E920 /* MiniPlayerPlaylistButtonPressedDark.tiff */ = {isa = PBXFileReference; lastKnownFileType = image.tiff; path = MiniPlayerPlaylistButtonPressedDark.tiff; sourceTree = "<group>"; };
		F51F89E124AEDC520066E920 /* MiniPlayerPraiseButtonPressedDark.tiff */ = {isa = PBXFileReference; lastKnownFileType = image.tiff; path = MiniPlayerPraiseButtonPressedDark.tiff; sourceTree = "<group>"; };
		F51F89E224AEDC520066E920 /* MiniPlayerPlayButtonDisabled.tiff */ = {isa = PBXFileReference; lastKnownFileType = image.tiff; path = MiniPlayerPlayButtonDisabled.tiff; sourceTree = "<group>"; };
		F51F89E324AEDC520066E920 /* MiniPlayerDislikeButton.tiff */ = {isa = PBXFileReference; lastKnownFileType = image.tiff; path = MiniPlayerDislikeButton.tiff; sourceTree = "<group>"; };
		F51F89E424AEDC520066E920 /* MiniPlayerFastForwardButton.tiff */ = {isa = PBXFileReference; lastKnownFileType = image.tiff; path = MiniPlayerFastForwardButton.tiff; sourceTree = "<group>"; };
		F51F89E524AEDC520066E920 /* MiniPlayerLyricsButtonDisabled.tiff */ = {isa = PBXFileReference; lastKnownFileType = image.tiff; path = MiniPlayerLyricsButtonDisabled.tiff; sourceTree = "<group>"; };
		F51F89E624AEDC520066E920 /* MiniPlayerMiniAlbumDefault.tiff */ = {isa = PBXFileReference; lastKnownFileType = image.tiff; path = MiniPlayerMiniAlbumDefault.tiff; sourceTree = "<group>"; };
		F51F89E724AEDC520066E920 /* MiniPlayerPraisedButtonPressed.tiff */ = {isa = PBXFileReference; lastKnownFileType = image.tiff; path = MiniPlayerPraisedButtonPressed.tiff; sourceTree = "<group>"; };
		F51F89E824AEDC520066E920 /* YYYMiniPlayerVolumeBarMinDark.tiff */ = {isa = PBXFileReference; lastKnownFileType = image.tiff; path = YYYMiniPlayerVolumeBarMinDark.tiff; sourceTree = "<group>"; };
		F51F89E924AEDC520066E920 /* MiniPlayerPauseButton.tiff */ = {isa = PBXFileReference; lastKnownFileType = image.tiff; path = MiniPlayerPauseButton.tiff; sourceTree = "<group>"; };
		F51F89EA24AEDC520066E920 /* MiniPlayerAlbumFoldUpSpread.tiff */ = {isa = PBXFileReference; lastKnownFileType = image.tiff; path = MiniPlayerAlbumFoldUpSpread.tiff; sourceTree = "<group>"; };
		F51F89EB24AEDC530066E920 /* MiniPlayerFastForwardButtonSelected.tiff */ = {isa = PBXFileReference; lastKnownFileType = image.tiff; path = MiniPlayerFastForwardButtonSelected.tiff; sourceTree = "<group>"; };
		F51F89EC24AEDC530066E920 /* MiniPlayerPraiseButton.tiff */ = {isa = PBXFileReference; lastKnownFileType = image.tiff; path = MiniPlayerPraiseButton.tiff; sourceTree = "<group>"; };
		F51F89ED24AEDC530066E920 /* MiniPlayerPlaylistButtonPressed.tiff */ = {isa = PBXFileReference; lastKnownFileType = image.tiff; path = MiniPlayerPlaylistButtonPressed.tiff; sourceTree = "<group>"; };
		F51F89EE24AEDC530066E920 /* MiniPlayerNormalModeButton.tiff */ = {isa = PBXFileReference; lastKnownFileType = image.tiff; path = MiniPlayerNormalModeButton.tiff; sourceTree = "<group>"; };
		F51F89EF24AEDC530066E920 /* MiniPlayerLyricsButtonActive.tiff */ = {isa = PBXFileReference; lastKnownFileType = image.tiff; path = MiniPlayerLyricsButtonActive.tiff; sourceTree = "<group>"; };
		F51F89F024AEDC530066E920 /* MiniPlayerPlayButtonSelected.tiff */ = {isa = PBXFileReference; lastKnownFileType = image.tiff; path = MiniPlayerPlayButtonSelected.tiff; sourceTree = "<group>"; };
		F51F89F124AEDC530066E920 /* MiniPlayerDislikeButtonPressed.tiff */ = {isa = PBXFileReference; lastKnownFileType = image.tiff; path = MiniPlayerDislikeButtonPressed.tiff; sourceTree = "<group>"; };
		F51F89F224AEDC530066E920 /* MiniPlayerPraisedButton.tiff */ = {isa = PBXFileReference; lastKnownFileType = image.tiff; path = MiniPlayerPraisedButton.tiff; sourceTree = "<group>"; };
		F51F89F324AEDC530066E920 /* MiniPlayerPlaylistClosureDark.tiff */ = {isa = PBXFileReference; lastKnownFileType = image.tiff; path = MiniPlayerPlaylistClosureDark.tiff; sourceTree = "<group>"; };
		F51F89F424AEDC530066E920 /* MiniPlayerPraiseButtonDark.tiff */ = {isa = PBXFileReference; lastKnownFileType = image.tiff; path = MiniPlayerPraiseButtonDark.tiff; sourceTree = "<group>"; };
		F51F89F524AEDC530066E920 /* MiniPlayerNormalModeButtonDark.tiff */ = {isa = PBXFileReference; lastKnownFileType = image.tiff; path = MiniPlayerNormalModeButtonDark.tiff; sourceTree = "<group>"; };
		F51F89F624AEDC530066E920 /* MiniPlayerVolumeButtonDisabled.tiff */ = {isa = PBXFileReference; lastKnownFileType = image.tiff; path = MiniPlayerVolumeButtonDisabled.tiff; sourceTree = "<group>"; };
		F51F89F724AEDC530066E920 /* MiniPlayerPlaylistClosurePressedDark.tiff */ = {isa = PBXFileReference; lastKnownFileType = image.tiff; path = MiniPlayerPlaylistClosurePressedDark.tiff; sourceTree = "<group>"; };
		F51F89F824AEDC530066E920 /* MiniPlayerDeleteButtonDisabledDark.tiff */ = {isa = PBXFileReference; lastKnownFileType = image.tiff; path = MiniPlayerDeleteButtonDisabledDark.tiff; sourceTree = "<group>"; };
		F51F89F924AEDC530066E920 /* YYYMiniPlayerVolumeBarTailerDark.tiff */ = {isa = PBXFileReference; lastKnownFileType = image.tiff; path = YYYMiniPlayerVolumeBarTailerDark.tiff; sourceTree = "<group>"; };
		F51F89FA24AEDC540066E920 /* MiniPlayerPlayButton.tiff */ = {isa = PBXFileReference; lastKnownFileType = image.tiff; path = MiniPlayerPlayButton.tiff; sourceTree = "<group>"; };
		F51F89FB24AEDC540066E920 /* MiniPlayerVolumeButtonPressed.tiff */ = {isa = PBXFileReference; lastKnownFileType = image.tiff; path = MiniPlayerVolumeButtonPressed.tiff; sourceTree = "<group>"; };
		F51F89FC24AEDC540066E920 /* MiniPlayerDislikeButtonPressedDark.tiff */ = {isa = PBXFileReference; lastKnownFileType = image.tiff; path = MiniPlayerDislikeButtonPressedDark.tiff; sourceTree = "<group>"; };
		F51F89FD24AEDC540066E920 /* MiniPlayerPraiseButtonDisabledDark.tiff */ = {isa = PBXFileReference; lastKnownFileType = image.tiff; path = MiniPlayerPraiseButtonDisabledDark.tiff; sourceTree = "<group>"; };
		F51F89FE24AEDC540066E920 /* MiniPlayerDeleteButtonPressedDark.tiff */ = {isa = PBXFileReference; lastKnownFileType = image.tiff; path = MiniPlayerDeleteButtonPressedDark.tiff; sourceTree = "<group>"; };
		F51F89FF24AEDC540066E920 /* MiniPlayerLikeButtonPressed.tiff */ = {isa = PBXFileReference; lastKnownFileType = image.tiff; path = MiniPlayerLikeButtonPressed.tiff; sourceTree = "<group>"; };
		F51F8A0024AEDC540066E920 /* MiniPlayerPlaylistButtonDark.tiff */ = {isa = PBXFileReference; lastKnownFileType = image.tiff; path = MiniPlayerPlaylistButtonDark.tiff; sourceTree = "<group>"; };
		F51F8A0124AEDC540066E920 /* MiniPlayerPlaylistButton.tiff */ = {isa = PBXFileReference; lastKnownFileType = image.tiff; path = MiniPlayerPlaylistButton.tiff; sourceTree = "<group>"; };
		F51F8A0224AEDC540066E920 /* MiniPlayerPlaylistInfoButton.tiff */ = {isa = PBXFileReference; lastKnownFileType = image.tiff; path = MiniPlayerPlaylistInfoButton.tiff; sourceTree = "<group>"; };
		F51F8A0324AEDC540066E920 /* MiniPlayerRewindButton.tiff */ = {isa = PBXFileReference; lastKnownFileType = image.tiff; path = MiniPlayerRewindButton.tiff; sourceTree = "<group>"; };
		F51F8A0424AEDC540066E920 /* MiniPlayerLyricsButtonPressedDark.tiff */ = {isa = PBXFileReference; lastKnownFileType = image.tiff; path = MiniPlayerLyricsButtonPressedDark.tiff; sourceTree = "<group>"; };
		F51F8A0524AEDC540066E920 /* MiniPlayerPraiseButtonPressed.tiff */ = {isa = PBXFileReference; lastKnownFileType = image.tiff; path = MiniPlayerPraiseButtonPressed.tiff; sourceTree = "<group>"; };
		F51F8A0624AEDC540066E920 /* MiniPlayerLyricsButtonDisabledDark.tiff */ = {isa = PBXFileReference; lastKnownFileType = image.tiff; path = MiniPlayerLyricsButtonDisabledDark.tiff; sourceTree = "<group>"; };
		F51F8A0724AEDC540066E920 /* YYYMiniPlayerVolumeBarTailer.tiff */ = {isa = PBXFileReference; lastKnownFileType = image.tiff; path = YYYMiniPlayerVolumeBarTailer.tiff; sourceTree = "<group>"; };
		F51F8A0824AEDC540066E920 /* MiniPlayerLyricsButton.tiff */ = {isa = PBXFileReference; lastKnownFileType = image.tiff; path = MiniPlayerLyricsButton.tiff; sourceTree = "<group>"; };
		F51F8A0924AEDC540066E920 /* MiniPlayerRewindButtonDisabled.tiff */ = {isa = PBXFileReference; lastKnownFileType = image.tiff; path = MiniPlayerRewindButtonDisabled.tiff; sourceTree = "<group>"; };
		F51F8A0A24AEDC550066E920 /* YYYMiniPlayerVolumeBarMin.tiff */ = {isa = PBXFileReference; lastKnownFileType = image.tiff; path = YYYMiniPlayerVolumeBarMin.tiff; sourceTree = "<group>"; };
		F51F8A0B24AEDC550066E920 /* MiniPlayerRewindButtonSelected.tiff */ = {isa = PBXFileReference; lastKnownFileType = image.tiff; path = MiniPlayerRewindButtonSelected.tiff; sourceTree = "<group>"; };
		F51F8A0C24AEDC550066E920 /* MiniPlayerPraisedButtonDisabled.tiff */ = {isa = PBXFileReference; lastKnownFileType = image.tiff; path = MiniPlayerPraisedButtonDisabled.tiff; sourceTree = "<group>"; };
		F51F8A0D24AEDC550066E920 /* MiniPlayerLikeButton.tiff */ = {isa = PBXFileReference; lastKnownFileType = image.tiff; path = MiniPlayerLikeButton.tiff; sourceTree = "<group>"; };
		F51F8A0E24AEDC550066E920 /* MiniPlayerPlaylistButtonDisabled.tiff */ = {isa = PBXFileReference; lastKnownFileType = image.tiff; path = MiniPlayerPlaylistButtonDisabled.tiff; sourceTree = "<group>"; };
		F51F8A0F24AEDC550066E920 /* MiniPlayerCloseButton.tiff */ = {isa = PBXFileReference; lastKnownFileType = image.tiff; path = MiniPlayerCloseButton.tiff; sourceTree = "<group>"; };
		F51F8A1024AEDC550066E920 /* MiniPlayerCloseButtonPressed.tiff */ = {isa = PBXFileReference; lastKnownFileType = image.tiff; path = MiniPlayerCloseButtonPressed.tiff; sourceTree = "<group>"; };
		F51F8A6124AEF8670066E920 /* DNButton.swift */ = {isa = PBXFileReference; lastKnownFileType = sourcecode.swift; path = DNButton.swift; sourceTree = "<group>"; };
		F52ABDEB24BD98E400D093C4 /* DNTableRow.swift */ = {isa = PBXFileReference; lastKnownFileType = sourcecode.swift; path = DNTableRow.swift; sourceTree = "<group>"; };
		F55C3BC424B87E4C00017FBD /* SongManager.swift */ = {isa = PBXFileReference; lastKnownFileType = sourcecode.swift; path = SongManager.swift; sourceTree = "<group>"; };
		F55C3BC624B87E8700017FBD /* Song.swift */ = {isa = PBXFileReference; lastKnownFileType = sourcecode.swift; path = Song.swift; sourceTree = "<group>"; };
		F560F99324AF3730008FC9C9 /* VolumePopover.swift */ = {isa = PBXFileReference; lastKnownFileType = sourcecode.swift; path = VolumePopover.swift; sourceTree = "<group>"; };
		F560F99424AF3730008FC9C9 /* VolumePopover.xib */ = {isa = PBXFileReference; lastKnownFileType = file.xib; path = VolumePopover.xib; sourceTree = "<group>"; };
		F560F99924AF3C04008FC9C9 /* CurrentPlaylist.storyboard */ = {isa = PBXFileReference; fileEncoding = 4; lastKnownFileType = file.storyboard; path = CurrentPlaylist.storyboard; sourceTree = "<group>"; };
		F560F99B24AF3C6B008FC9C9 /* CurrentPlaylistViewController.swift */ = {isa = PBXFileReference; lastKnownFileType = sourcecode.swift; path = CurrentPlaylistViewController.swift; sourceTree = "<group>"; };
		F560F99F24AF4B4B008FC9C9 /* Constants.swift */ = {isa = PBXFileReference; lastKnownFileType = sourcecode.swift; path = Constants.swift; sourceTree = "<group>"; };
		F56F6A6724B98739005D550A /* RealmSwift.framework */ = {isa = PBXFileReference; explicitFileType = wrapper.framework; path = RealmSwift.framework; sourceTree = BUILT_PRODUCTS_DIR; };
		F56F6A6C24B9C03F005D550A /* PlayerManager.swift */ = {isa = PBXFileReference; lastKnownFileType = sourcecode.swift; path = PlayerManager.swift; sourceTree = "<group>"; };
		F58574EB24BC4EC800C7E957 /* Utility.swift */ = {isa = PBXFileReference; lastKnownFileType = sourcecode.swift; path = Utility.swift; sourceTree = "<group>"; };
		F58AEC8E24BC6CF6007C0C75 /* Playlist.swift */ = {isa = PBXFileReference; lastKnownFileType = sourcecode.swift; path = Playlist.swift; sourceTree = "<group>"; };
		F58EF75E24C02424001E94FF /* DNAlertView.swift */ = {isa = PBXFileReference; lastKnownFileType = sourcecode.swift; path = DNAlertView.swift; sourceTree = "<group>"; };
		F58EF76224C02DC5001E94FF /* DNAlertView.xib */ = {isa = PBXFileReference; lastKnownFileType = file.xib; path = DNAlertView.xib; sourceTree = "<group>"; };
		F58EF76424C04A00001E94FF /* NSView-Extension.swift */ = {isa = PBXFileReference; lastKnownFileType = sourcecode.swift; path = "NSView-Extension.swift"; sourceTree = "<group>"; };
		F58EF76624C052B0001E94FF /* NSTextField-Extension.swift */ = {isa = PBXFileReference; lastKnownFileType = sourcecode.swift; path = "NSTextField-Extension.swift"; sourceTree = "<group>"; };
		F5ACF75E24BBF2A9000A41E1 /* DNTitleButton.swift */ = {isa = PBXFileReference; lastKnownFileType = sourcecode.swift; path = DNTitleButton.swift; sourceTree = "<group>"; };
		F5BE353624C186EC007A1D5C /* DNFippedScrollView.swift */ = {isa = PBXFileReference; lastKnownFileType = sourcecode.swift; path = DNFippedScrollView.swift; sourceTree = "<group>"; };
		F5BE353A24C19100007A1D5C /* FippedTableBackScrollView.swift */ = {isa = PBXFileReference; lastKnownFileType = sourcecode.swift; path = FippedTableBackScrollView.swift; sourceTree = "<group>"; };
		F5BE353C24C1A120007A1D5C /* DetailsViewHeaderView.swift */ = {isa = PBXFileReference; lastKnownFileType = sourcecode.swift; path = DetailsViewHeaderView.swift; sourceTree = "<group>"; };
		F5BE353E24C1A160007A1D5C /* DetailsViewHeaderView.xib */ = {isa = PBXFileReference; lastKnownFileType = file.xib; path = DetailsViewHeaderView.xib; sourceTree = "<group>"; };
		F5BE354024C1AC8B007A1D5C /* DNAlphaButton.swift */ = {isa = PBXFileReference; lastKnownFileType = sourcecode.swift; path = DNAlphaButton.swift; sourceTree = "<group>"; };
		F5BE354224C1BF9A007A1D5C /* DetailsNoSongsNoteView.swift */ = {isa = PBXFileReference; lastKnownFileType = sourcecode.swift; path = DetailsNoSongsNoteView.swift; sourceTree = "<group>"; };
		F5BE354424C1BFA2007A1D5C /* DetailsNoSongsNoteView.xib */ = {isa = PBXFileReference; lastKnownFileType = file.xib; path = DetailsNoSongsNoteView.xib; sourceTree = "<group>"; };
		F5CAE88424C18587003901F5 /* DNFippedView.swift */ = {isa = PBXFileReference; lastKnownFileType = sourcecode.swift; path = DNFippedView.swift; sourceTree = "<group>"; };
		F5CFA52124B342B1001D1343 /* MainViewController.swift */ = {isa = PBXFileReference; fileEncoding = 4; lastKnownFileType = sourcecode.swift; path = MainViewController.swift; sourceTree = "<group>"; };
		F5CFA52324B40748001D1343 /* DNBaseView.swift */ = {isa = PBXFileReference; lastKnownFileType = sourcecode.swift; path = DNBaseView.swift; sourceTree = "<group>"; };
		F5DC90A124C6BFC300FFB4FB /* WindowTitleBar.storyboard */ = {isa = PBXFileReference; fileEncoding = 4; lastKnownFileType = file.storyboard; path = WindowTitleBar.storyboard; sourceTree = "<group>"; };
		F5DC90A324C6C26000FFB4FB /* WindowTitileBar.swift */ = {isa = PBXFileReference; lastKnownFileType = sourcecode.swift; path = WindowTitileBar.swift; sourceTree = "<group>"; };
		F5DC90A524C6E55000FFB4FB /* CustomAlbumButton.swift */ = {isa = PBXFileReference; lastKnownFileType = sourcecode.swift; path = CustomAlbumButton.swift; sourceTree = "<group>"; };
		F5DC90AD24C6F29800FFB4FB /* SongProgress.storyboard */ = {isa = PBXFileReference; fileEncoding = 4; lastKnownFileType = file.storyboard; path = SongProgress.storyboard; sourceTree = "<group>"; };
		F5DC90AF24C6F2BA00FFB4FB /* SongProgressViewController.swift */ = {isa = PBXFileReference; lastKnownFileType = sourcecode.swift; path = SongProgressViewController.swift; sourceTree = "<group>"; };
		F5DC90B924C80FD700FFB4FB /* DNVolumeSlider.swift */ = {isa = PBXFileReference; lastKnownFileType = sourcecode.swift; path = DNVolumeSlider.swift; sourceTree = "<group>"; };
		F5DC90BD24C8118F00FFB4FB /* DNSliderCell.swift */ = {isa = PBXFileReference; lastKnownFileType = sourcecode.swift; path = DNSliderCell.swift; sourceTree = "<group>"; };
		F5DC90BF24C8137300FFB4FB /* DNSlider.swift */ = {isa = PBXFileReference; lastKnownFileType = sourcecode.swift; path = DNSlider.swift; sourceTree = "<group>"; };
		F5EE566E24B6CC3B00CE9ABC /* WindowManager.swift */ = {isa = PBXFileReference; lastKnownFileType = sourcecode.swift; path = WindowManager.swift; sourceTree = "<group>"; };
/* End PBXFileReference section */

/* Begin PBXFrameworksBuildPhase section */
		F51F896424AD87060066E920 /* Frameworks */ = {
			isa = PBXFrameworksBuildPhase;
			buildActionMask = 2147483647;
			files = (
				377C9925EFA6FE0876C78D74 /* Pods_DNLocalMusicPlayer.framework in Frameworks */,
			);
			runOnlyForDeploymentPostprocessing = 0;
		};
/* End PBXFrameworksBuildPhase section */

/* Begin PBXGroup section */
		386BBF873A093DD67852795D /* Pods */ = {
			isa = PBXGroup;
			children = (
				C98DC77936359675D8B9A143 /* Pods-DNLocalMusicPlayer.debug.xcconfig */,
				B00D5D51D60A5E837DCC0F81 /* Pods-DNLocalMusicPlayer.release.xcconfig */,
			);
			path = Pods;
			sourceTree = "<group>";
		};
		A9E865F149EB760F905802D6 /* Frameworks */ = {
			isa = PBXGroup;
			children = (
				F56F6A6724B98739005D550A /* RealmSwift.framework */,
				0935B688ED7DB5E6D2246AB0 /* Pods_DNLocalMusicPlayer.framework */,
			);
			name = Frameworks;
			sourceTree = "<group>";
		};
		F51F895E24AD87060066E920 = {
			isa = PBXGroup;
			children = (
				F51F896924AD87060066E920 /* DNLocalMusicPlayer */,
				F51F896824AD87060066E920 /* Products */,
				386BBF873A093DD67852795D /* Pods */,
				A9E865F149EB760F905802D6 /* Frameworks */,
			);
			sourceTree = "<group>";
		};
		F51F896824AD87060066E920 /* Products */ = {
			isa = PBXGroup;
			children = (
				F51F896724AD87060066E920 /* DN音乐.app */,
			);
			name = Products;
			sourceTree = "<group>";
		};
		F51F896924AD87060066E920 /* DNLocalMusicPlayer */ = {
			isa = PBXGroup;
			children = (
				F51F899624ADBC0E0066E920 /* Root */,
				F51F898F24ADBA570066E920 /* Classes */,
				F51F89C124AEDC380066E920 /* Resource */,
				F51F897024AD87080066E920 /* Assets.xcassets */,
				F51F897524AD87080066E920 /* Info.plist */,
				F51F898224AD8BF10066E920 /* Localizations.strings */,
				F51F898824AD8D460066E920 /* InfoPlist.strings */,
				F51F897624AD87080066E920 /* DNLocalMusicPlayer.entitlements */,
			);
			path = DNLocalMusicPlayer;
			sourceTree = "<group>";
		};
		F51F898F24ADBA570066E920 /* Classes */ = {
			isa = PBXGroup;
			children = (
				F5EE566D24B6CBFA00CE9ABC /* Manager */,
				F5DC909F24C6BF7500FFB4FB /* WindowTitleBar */,
				F51F899024ADBA620066E920 /* Main */,
				F51F899D24ADBD580066E920 /* PlayList */,
				F51F89A324ADBE820066E920 /* DetailsPage */,
				F51F89B524ADC8770066E920 /* Playview */,
				F51F899124ADBA7A0066E920 /* BottomPlayView */,
				F560F99724AF3B78008FC9C9 /* CurrentPlaylist */,
				F51F89AB24ADC06D0066E920 /* Tools */,
			);
			path = Classes;
			sourceTree = "<group>";
		};
		F51F899024ADBA620066E920 /* Main */ = {
			isa = PBXGroup;
			children = (
				F56F6A6B24B9ADC8005D550A /* Model */,
				F51F8A6024AEF8400066E920 /* View */,
				F51F899A24ADBC6C0066E920 /* Controller */,
			);
			path = Main;
			sourceTree = "<group>";
		};
		F51F899124ADBA7A0066E920 /* BottomPlayView */ = {
			isa = PBXGroup;
			children = (
				F51F899824ADBC260066E920 /* View */,
				F51F899924ADBC2D0066E920 /* Controller */,
			);
			path = BottomPlayView;
			sourceTree = "<group>";
		};
		F51F899624ADBC0E0066E920 /* Root */ = {
			isa = PBXGroup;
			children = (
				F51F896A24AD87060066E920 /* AppDelegate.swift */,
				F51F896E24AD87060066E920 /* Document.swift */,
			);
			path = Root;
			sourceTree = "<group>";
		};
		F51F899824ADBC260066E920 /* View */ = {
			isa = PBXGroup;
			children = (
				F5DC90A524C6E55000FFB4FB /* CustomAlbumButton.swift */,
				F5DC90BF24C8137300FFB4FB /* DNSlider.swift */,
				F5DC90BD24C8118F00FFB4FB /* DNSliderCell.swift */,
				F5DC90B924C80FD700FFB4FB /* DNVolumeSlider.swift */,
			);
			path = View;
			sourceTree = "<group>";
		};
		F51F899924ADBC2D0066E920 /* Controller */ = {
			isa = PBXGroup;
			children = (
				F5DC90AD24C6F29800FFB4FB /* SongProgress.storyboard */,
				F5DC90AF24C6F2BA00FFB4FB /* SongProgressViewController.swift */,
				F51F899424ADBB480066E920 /* BottomPlayView.storyboard */,
				F51F89B324ADC3470066E920 /* BottomPlayViewController.swift */,
				F560F99324AF3730008FC9C9 /* VolumePopover.swift */,
				F560F99424AF3730008FC9C9 /* VolumePopover.xib */,
			);
			path = Controller;
			sourceTree = "<group>";
		};
		F51F899A24ADBC6C0066E920 /* Controller */ = {
			isa = PBXGroup;
			children = (
				F51F899B24ADBC920066E920 /* Main.storyboard */,
				F5CFA52124B342B1001D1343 /* MainViewController.swift */,
				F51F89AF24ADC26E0066E920 /* BaseViewController.swift */,
			);
			path = Controller;
			sourceTree = "<group>";
		};
		F51F899D24ADBD580066E920 /* PlayList */ = {
			isa = PBXGroup;
			children = (
				F51F899F24ADBD6B0066E920 /* View */,
				F51F89A024ADBD720066E920 /* Controller */,
			);
			path = PlayList;
			sourceTree = "<group>";
		};
		F51F899F24ADBD6B0066E920 /* View */ = {
			isa = PBXGroup;
			children = (
			);
			path = View;
			sourceTree = "<group>";
		};
		F51F89A024ADBD720066E920 /* Controller */ = {
			isa = PBXGroup;
			children = (
				F51F89A124ADBDE80066E920 /* PlayList.storyboard */,
				F51F89B124ADC2FB0066E920 /* PlayListViewController.swift */,
			);
			path = Controller;
			sourceTree = "<group>";
		};
		F51F89A324ADBE820066E920 /* DetailsPage */ = {
			isa = PBXGroup;
			children = (
				F51F89A524ADBE960066E920 /* View */,
				F51F89A424ADBE8C0066E920 /* Controller */,
			);
			path = DetailsPage;
			sourceTree = "<group>";
		};
		F51F89A424ADBE8C0066E920 /* Controller */ = {
			isa = PBXGroup;
			children = (
				F51F89A724ADBEC10066E920 /* DetailsPage.storyboard */,
				F51F89A924ADBF600066E920 /* DetailsPageViewController.swift */,
			);
			path = Controller;
			sourceTree = "<group>";
		};
		F51F89A524ADBE960066E920 /* View */ = {
			isa = PBXGroup;
			children = (
				F52ABDEB24BD98E400D093C4 /* DNTableRow.swift */,
				F5BE353A24C19100007A1D5C /* FippedTableBackScrollView.swift */,
				F5BE353C24C1A120007A1D5C /* DetailsViewHeaderView.swift */,
				F5BE353E24C1A160007A1D5C /* DetailsViewHeaderView.xib */,
				F5BE354224C1BF9A007A1D5C /* DetailsNoSongsNoteView.swift */,
				F5BE354424C1BFA2007A1D5C /* DetailsNoSongsNoteView.xib */,
			);
			path = View;
			sourceTree = "<group>";
		};
		F51F89AB24ADC06D0066E920 /* Tools */ = {
			isa = PBXGroup;
			children = (
				F51F89AC24ADC0750066E920 /* Extension */,
				F560F99F24AF4B4B008FC9C9 /* Constants.swift */,
				F58574EB24BC4EC800C7E957 /* Utility.swift */,
			);
			path = Tools;
			sourceTree = "<group>";
		};
		F51F89AC24ADC0750066E920 /* Extension */ = {
			isa = PBXGroup;
			children = (
				F51F89AD24ADC0A20066E920 /* NSColor-Extension.swift */,
				F58EF76424C04A00001E94FF /* NSView-Extension.swift */,
				F58EF76624C052B0001E94FF /* NSTextField-Extension.swift */,
			);
			path = Extension;
			sourceTree = "<group>";
		};
		F51F89B524ADC8770066E920 /* Playview */ = {
			isa = PBXGroup;
			children = (
				F51F89B724ADC8880066E920 /* View */,
				F51F89B624ADC8800066E920 /* Controller */,
			);
			path = Playview;
			sourceTree = "<group>";
		};
		F51F89B624ADC8800066E920 /* Controller */ = {
			isa = PBXGroup;
			children = (
				F51F89B924ADC89F0066E920 /* PlayView.storyboard */,
				F51F89BB24ADC8C80066E920 /* PlayViewController.swift */,
			);
			path = Controller;
			sourceTree = "<group>";
		};
		F51F89B724ADC8880066E920 /* View */ = {
			isa = PBXGroup;
			children = (
			);
			path = View;
			sourceTree = "<group>";
		};
		F51F89C124AEDC380066E920 /* Resource */ = {
			isa = PBXGroup;
			children = (
				F51F89CB24AEDC510066E920 /* MiniPlayerAlbumFoldUpButton.tiff */,
				F51F89EA24AEDC520066E920 /* MiniPlayerAlbumFoldUpSpread.tiff */,
				F51F8A0F24AEDC550066E920 /* MiniPlayerCloseButton.tiff */,
				F51F89D524AEDC510066E920 /* MiniPlayerCloseButtonDark.tiff */,
				F51F8A1024AEDC550066E920 /* MiniPlayerCloseButtonPressed.tiff */,
				F51F89DF24AEDC520066E920 /* MiniPlayerCloseButtonPressedDark.tiff */,
				F51F89CF24AEDC510066E920 /* MiniPlayerDeleteButton.tiff */,
				F51F89D724AEDC510066E920 /* MiniPlayerDeleteButtonDark.tiff */,
				F51F89D824AEDC510066E920 /* MiniPlayerDeleteButtonDisabled.tiff */,
				F51F89F824AEDC530066E920 /* MiniPlayerDeleteButtonDisabledDark.tiff */,
				F51F89D424AEDC510066E920 /* MiniPlayerDeleteButtonPressed.tiff */,
				F51F89FE24AEDC540066E920 /* MiniPlayerDeleteButtonPressedDark.tiff */,
				F51F89E324AEDC520066E920 /* MiniPlayerDislikeButton.tiff */,
				F51F89DE24AEDC520066E920 /* MiniPlayerDislikeButtonDark.tiff */,
				F51F89C224AEDC510066E920 /* MiniPlayerDislikeButtonDisabled.tiff */,
				F51F89CE24AEDC510066E920 /* MiniPlayerDislikeButtonDisabledDark.tiff */,
				F51F89F124AEDC530066E920 /* MiniPlayerDislikeButtonPressed.tiff */,
				F51F89FC24AEDC540066E920 /* MiniPlayerDislikeButtonPressedDark.tiff */,
				F51F89E424AEDC520066E920 /* MiniPlayerFastForwardButton.tiff */,
				F51F89C924AEDC510066E920 /* MiniPlayerFastForwardButtonDisabled.tiff */,
				F51F89EB24AEDC530066E920 /* MiniPlayerFastForwardButtonSelected.tiff */,
				F51F89C324AEDC510066E920 /* MiniPlayerLargeAlbumDefault.tiff */,
				F51F8A0D24AEDC550066E920 /* MiniPlayerLikeButton.tiff */,
				F51F89FF24AEDC540066E920 /* MiniPlayerLikeButtonPressed.tiff */,
				F51F8A0824AEDC540066E920 /* MiniPlayerLyricsButton.tiff */,
				F51F89EF24AEDC530066E920 /* MiniPlayerLyricsButtonActive.tiff */,
				F51F89C824AEDC510066E920 /* MiniPlayerLyricsButtonDark.tiff */,
				F51F89E524AEDC520066E920 /* MiniPlayerLyricsButtonDisabled.tiff */,
				F51F8A0624AEDC540066E920 /* MiniPlayerLyricsButtonDisabledDark.tiff */,
				F51F89C624AEDC510066E920 /* MiniPlayerLyricsButtonPressed.tiff */,
				F51F8A0424AEDC540066E920 /* MiniPlayerLyricsButtonPressedDark.tiff */,
				F51F89E624AEDC520066E920 /* MiniPlayerMiniAlbumDefault.tiff */,
				F51F89EE24AEDC530066E920 /* MiniPlayerNormalModeButton.tiff */,
				F51F89F524AEDC530066E920 /* MiniPlayerNormalModeButtonDark.tiff */,
				F51F89D924AEDC510066E920 /* MiniPlayerNormalModeButtonPressed.tiff */,
				F51F89DA24AEDC510066E920 /* MiniPlayerNormalModeButtonPressedDark.tiff */,
				F51F89E924AEDC520066E920 /* MiniPlayerPauseButton.tiff */,
				F51F89DC24AEDC520066E920 /* MiniPlayerPauseButtonDisabled.tiff */,
				F51F89DD24AEDC520066E920 /* MiniPlayerPauseButtonSelected.tiff */,
				F51F89FA24AEDC540066E920 /* MiniPlayerPlayButton.tiff */,
				F51F89E224AEDC520066E920 /* MiniPlayerPlayButtonDisabled.tiff */,
				F51F89F024AEDC530066E920 /* MiniPlayerPlayButtonSelected.tiff */,
				F51F8A0124AEDC540066E920 /* MiniPlayerPlaylistButton.tiff */,
				F51F8A0024AEDC540066E920 /* MiniPlayerPlaylistButtonDark.tiff */,
				F51F8A0E24AEDC550066E920 /* MiniPlayerPlaylistButtonDisabled.tiff */,
				F51F89CC24AEDC510066E920 /* MiniPlayerPlaylistButtonDisabledDark.tiff */,
				F51F89ED24AEDC530066E920 /* MiniPlayerPlaylistButtonPressed.tiff */,
				F51F89E024AEDC520066E920 /* MiniPlayerPlaylistButtonPressedDark.tiff */,
				F51F89C424AEDC510066E920 /* MiniPlayerPlaylistClosure.tiff */,
				F51F89F324AEDC530066E920 /* MiniPlayerPlaylistClosureDark.tiff */,
				F51F89D024AEDC510066E920 /* MiniPlayerPlaylistClosurePressed.tiff */,
				F51F89F724AEDC530066E920 /* MiniPlayerPlaylistClosurePressedDark.tiff */,
				F51F8A0224AEDC540066E920 /* MiniPlayerPlaylistInfoButton.tiff */,
				F51F89EC24AEDC530066E920 /* MiniPlayerPraiseButton.tiff */,
				F51F89F424AEDC530066E920 /* MiniPlayerPraiseButtonDark.tiff */,
				F51F89D124AEDC510066E920 /* MiniPlayerPraiseButtonDisabled.tiff */,
				F51F89FD24AEDC540066E920 /* MiniPlayerPraiseButtonDisabledDark.tiff */,
				F51F8A0524AEDC540066E920 /* MiniPlayerPraiseButtonPressed.tiff */,
				F51F89E124AEDC520066E920 /* MiniPlayerPraiseButtonPressedDark.tiff */,
				F51F89F224AEDC530066E920 /* MiniPlayerPraisedButton.tiff */,
				F51F8A0C24AEDC550066E920 /* MiniPlayerPraisedButtonDisabled.tiff */,
				F51F89E724AEDC520066E920 /* MiniPlayerPraisedButtonPressed.tiff */,
				F51F8A0324AEDC540066E920 /* MiniPlayerRewindButton.tiff */,
				F51F8A0924AEDC540066E920 /* MiniPlayerRewindButtonDisabled.tiff */,
				F51F8A0B24AEDC550066E920 /* MiniPlayerRewindButtonSelected.tiff */,
				F51F89D224AEDC510066E920 /* MiniPlayerVolumeButton.tiff */,
				F51F89CA24AEDC510066E920 /* MiniPlayerVolumeButtonDark.tiff */,
				F51F89F624AEDC530066E920 /* MiniPlayerVolumeButtonDisabled.tiff */,
				F51F89CD24AEDC510066E920 /* MiniPlayerVolumeButtonDisabledDark.tiff */,
				F51F89FB24AEDC540066E920 /* MiniPlayerVolumeButtonPressed.tiff */,
				F51F89C524AEDC510066E920 /* MiniPlayerVolumeButtonPressedDark.tiff */,
				F51F89C724AEDC510066E920 /* YYYMiniPlayerVolumeBarHeader.tiff */,
				F51F89D324AEDC510066E920 /* YYYMiniPlayerVolumeBarHeaderDark.tiff */,
				F51F89DB24AEDC520066E920 /* YYYMiniPlayerVolumeBarMax.tiff */,
				F51F89D624AEDC510066E920 /* YYYMiniPlayerVolumeBarMaxDark.tiff */,
				F51F8A0A24AEDC550066E920 /* YYYMiniPlayerVolumeBarMin.tiff */,
				F51F89E824AEDC520066E920 /* YYYMiniPlayerVolumeBarMinDark.tiff */,
				F51F8A0724AEDC540066E920 /* YYYMiniPlayerVolumeBarTailer.tiff */,
				F51F89F924AEDC530066E920 /* YYYMiniPlayerVolumeBarTailerDark.tiff */,
			);
			path = Resource;
			sourceTree = "<group>";
		};
		F51F8A6024AEF8400066E920 /* View */ = {
			isa = PBXGroup;
			children = (
				F51F8A6124AEF8670066E920 /* DNButton.swift */,
				F5ACF75E24BBF2A9000A41E1 /* DNTitleButton.swift */,
				F5BE354024C1AC8B007A1D5C /* DNAlphaButton.swift */,
				F5CFA52324B40748001D1343 /* DNBaseView.swift */,
				F51C100624B3220B0079DD35 /* DNTitleBarView.swift */,
				F51C100224B31CBC0079DD35 /* CustomWindow.swift */,
				F58EF75E24C02424001E94FF /* DNAlertView.swift */,
				F58EF76224C02DC5001E94FF /* DNAlertView.xib */,
				F5CAE88424C18587003901F5 /* DNFippedView.swift */,
				F5BE353624C186EC007A1D5C /* DNFippedScrollView.swift */,
			);
			path = View;
			sourceTree = "<group>";
		};
		F560F99724AF3B78008FC9C9 /* CurrentPlaylist */ = {
			isa = PBXGroup;
			children = (
				F560F99824AF3BA9008FC9C9 /* Controller */,
			);
			path = CurrentPlaylist;
			sourceTree = "<group>";
		};
		F560F99824AF3BA9008FC9C9 /* Controller */ = {
			isa = PBXGroup;
			children = (
				F560F99924AF3C04008FC9C9 /* CurrentPlaylist.storyboard */,
				F560F99B24AF3C6B008FC9C9 /* CurrentPlaylistViewController.swift */,
			);
			path = Controller;
			sourceTree = "<group>";
		};
		F56F6A6B24B9ADC8005D550A /* Model */ = {
			isa = PBXGroup;
			children = (
				F55C3BC624B87E8700017FBD /* Song.swift */,
				F58AEC8E24BC6CF6007C0C75 /* Playlist.swift */,
			);
			path = Model;
			sourceTree = "<group>";
		};
		F5DC909F24C6BF7500FFB4FB /* WindowTitleBar */ = {
			isa = PBXGroup;
			children = (
				F5DC90A024C6BFA000FFB4FB /* Controller */,
			);
			path = WindowTitleBar;
			sourceTree = "<group>";
		};
		F5DC90A024C6BFA000FFB4FB /* Controller */ = {
			isa = PBXGroup;
			children = (
				F5DC90A124C6BFC300FFB4FB /* WindowTitleBar.storyboard */,
				F5DC90A324C6C26000FFB4FB /* WindowTitileBar.swift */,
			);
			path = Controller;
			sourceTree = "<group>";
		};
		F5EE566D24B6CBFA00CE9ABC /* Manager */ = {
			isa = PBXGroup;
			children = (
				F5EE566E24B6CC3B00CE9ABC /* WindowManager.swift */,
				F56F6A6C24B9C03F005D550A /* PlayerManager.swift */,
				F55C3BC424B87E4C00017FBD /* SongManager.swift */,
				F51A3BA424C850B100F49E10 /* UserDefaultsManager.swift */,
			);
			path = Manager;
			sourceTree = "<group>";
		};
/* End PBXGroup section */

/* Begin PBXNativeTarget section */
		F51F896624AD87060066E920 /* DNLocalMusicPlayer */ = {
			isa = PBXNativeTarget;
			buildConfigurationList = F51F897924AD87080066E920 /* Build configuration list for PBXNativeTarget "DNLocalMusicPlayer" */;
			buildPhases = (
				61E98B16489600873755D9B4 /* [CP] Check Pods Manifest.lock */,
				F51F896324AD87060066E920 /* Sources */,
				F51F896424AD87060066E920 /* Frameworks */,
				F51F896524AD87060066E920 /* Resources */,
				E6BD27235963295433FD66DE /* [CP] Embed Pods Frameworks */,
			);
			buildRules = (
			);
			dependencies = (
			);
			name = DNLocalMusicPlayer;
			productName = DNLocalMusicPlayer;
			productReference = F51F896724AD87060066E920 /* DN音乐.app */;
			productType = "com.apple.product-type.application";
		};
/* End PBXNativeTarget section */

/* Begin PBXProject section */
		F51F895F24AD87060066E920 /* Project object */ = {
			isa = PBXProject;
			attributes = {
				LastSwiftUpdateCheck = 1150;
				LastUpgradeCheck = 1160;
				ORGANIZATIONNAME = "大宁";
				TargetAttributes = {
					F51F896624AD87060066E920 = {
						CreatedOnToolsVersion = 11.5;
					};
				};
			};
			buildConfigurationList = F51F896224AD87060066E920 /* Build configuration list for PBXProject "DNLocalMusicPlayer" */;
			compatibilityVersion = "Xcode 9.3";
			developmentRegion = en;
			hasScannedForEncodings = 0;
			knownRegions = (
				en,
				Base,
				"zh-Hans",
			);
			mainGroup = F51F895E24AD87060066E920;
			productRefGroup = F51F896824AD87060066E920 /* Products */;
			projectDirPath = "";
			projectRoot = "";
			targets = (
				F51F896624AD87060066E920 /* DNLocalMusicPlayer */,
			);
		};
/* End PBXProject section */

/* Begin PBXResourcesBuildPhase section */
		F51F896524AD87060066E920 /* Resources */ = {
			isa = PBXResourcesBuildPhase;
			buildActionMask = 2147483647;
			files = (
				F51F8A2B24AEDC550066E920 /* MiniPlayerPauseButtonDisabled.tiff in Resources */,
				F51F8A4524AEDC550066E920 /* MiniPlayerVolumeButtonDisabled.tiff in Resources */,
				F51F8A4C24AEDC550066E920 /* MiniPlayerPraiseButtonDisabledDark.tiff in Resources */,
				F51F8A3724AEDC550066E920 /* YYYMiniPlayerVolumeBarMinDark.tiff in Resources */,
				F51F8A2724AEDC550066E920 /* MiniPlayerDeleteButtonDisabled.tiff in Resources */,
				F51F8A4024AEDC550066E920 /* MiniPlayerDislikeButtonPressed.tiff in Resources */,
				F51F8A3A24AEDC550066E920 /* MiniPlayerFastForwardButtonSelected.tiff in Resources */,
				F51F8A2324AEDC550066E920 /* MiniPlayerDeleteButtonPressed.tiff in Resources */,
				F5DC90AE24C6F29800FFB4FB /* SongProgress.storyboard in Resources */,
				F51F8A4F24AEDC550066E920 /* MiniPlayerPlaylistButtonDark.tiff in Resources */,
				F51F8A5424AEDC550066E920 /* MiniPlayerPraiseButtonPressed.tiff in Resources */,
				F5DC90A224C6BFC300FFB4FB /* WindowTitleBar.storyboard in Resources */,
				F51F8A3D24AEDC550066E920 /* MiniPlayerNormalModeButton.tiff in Resources */,
				F51F8A4B24AEDC550066E920 /* MiniPlayerDislikeButtonPressedDark.tiff in Resources */,
				F51F8A1824AEDC550066E920 /* MiniPlayerFastForwardButtonDisabled.tiff in Resources */,
				F51F8A2E24AEDC550066E920 /* MiniPlayerCloseButtonPressedDark.tiff in Resources */,
				F51F8A1E24AEDC550066E920 /* MiniPlayerDeleteButton.tiff in Resources */,
				F51F8A5B24AEDC550066E920 /* MiniPlayerPraisedButtonDisabled.tiff in Resources */,
				F51F8A2424AEDC550066E920 /* MiniPlayerCloseButtonDark.tiff in Resources */,
				F51F8A3924AEDC550066E920 /* MiniPlayerAlbumFoldUpSpread.tiff in Resources */,
				F51F8A4124AEDC550066E920 /* MiniPlayerPraisedButton.tiff in Resources */,
				F51F8A1724AEDC550066E920 /* MiniPlayerLyricsButtonDark.tiff in Resources */,
				F51F8A5524AEDC550066E920 /* MiniPlayerLyricsButtonDisabledDark.tiff in Resources */,
				F51F8A1D24AEDC550066E920 /* MiniPlayerDislikeButtonDisabledDark.tiff in Resources */,
				F51F8A3F24AEDC550066E920 /* MiniPlayerPlayButtonSelected.tiff in Resources */,
				F51F8A4824AEDC550066E920 /* YYYMiniPlayerVolumeBarTailerDark.tiff in Resources */,
				F51F8A1324AEDC550066E920 /* MiniPlayerPlaylistClosure.tiff in Resources */,
				F51F8A2924AEDC550066E920 /* MiniPlayerNormalModeButtonPressedDark.tiff in Resources */,
				F51F8A5924AEDC550066E920 /* YYYMiniPlayerVolumeBarMin.tiff in Resources */,
				F51F8A5824AEDC550066E920 /* MiniPlayerRewindButtonDisabled.tiff in Resources */,
				F51F8A5224AEDC550066E920 /* MiniPlayerRewindButton.tiff in Resources */,
				F51F8A1124AEDC550066E920 /* MiniPlayerDislikeButtonDisabled.tiff in Resources */,
				F51F8A1A24AEDC550066E920 /* MiniPlayerAlbumFoldUpButton.tiff in Resources */,
				F51F8A4424AEDC550066E920 /* MiniPlayerNormalModeButtonDark.tiff in Resources */,
				F51F8A2624AEDC550066E920 /* MiniPlayerDeleteButtonDark.tiff in Resources */,
				F51F899524ADBB480066E920 /* BottomPlayView.storyboard in Resources */,
				F51F8A3024AEDC550066E920 /* MiniPlayerPraiseButtonPressedDark.tiff in Resources */,
				F51F8A4724AEDC550066E920 /* MiniPlayerDeleteButtonDisabledDark.tiff in Resources */,
				F51F8A3324AEDC550066E920 /* MiniPlayerFastForwardButton.tiff in Resources */,
				F51F8A1224AEDC550066E920 /* MiniPlayerLargeAlbumDefault.tiff in Resources */,
				F5BE353F24C1A160007A1D5C /* DetailsViewHeaderView.xib in Resources */,
				F51F8A5724AEDC550066E920 /* MiniPlayerLyricsButton.tiff in Resources */,
				F51F89A824ADBEC10066E920 /* DetailsPage.storyboard in Resources */,
				F51F8A3B24AEDC550066E920 /* MiniPlayerPraiseButton.tiff in Resources */,
				F58EF76324C02DC5001E94FF /* DNAlertView.xib in Resources */,
				F51F8A1F24AEDC550066E920 /* MiniPlayerPlaylistClosurePressed.tiff in Resources */,
				F51F8A3824AEDC550066E920 /* MiniPlayerPauseButton.tiff in Resources */,
				F51F8A5024AEDC550066E920 /* MiniPlayerPlaylistButton.tiff in Resources */,
				F51F8A4624AEDC550066E920 /* MiniPlayerPlaylistClosurePressedDark.tiff in Resources */,
				F560F99624AF3730008FC9C9 /* VolumePopover.xib in Resources */,
				F51F899C24ADBC920066E920 /* Main.storyboard in Resources */,
				F51F8A2024AEDC550066E920 /* MiniPlayerPraiseButtonDisabled.tiff in Resources */,
				F51F89BA24ADC89F0066E920 /* PlayView.storyboard in Resources */,
				F51F8A5124AEDC550066E920 /* MiniPlayerPlaylistInfoButton.tiff in Resources */,
				F51F8A4924AEDC550066E920 /* MiniPlayerPlayButton.tiff in Resources */,
				F51F8A5D24AEDC550066E920 /* MiniPlayerPlaylistButtonDisabled.tiff in Resources */,
				F51F8A4224AEDC550066E920 /* MiniPlayerPlaylistClosureDark.tiff in Resources */,
				F51F8A2A24AEDC550066E920 /* YYYMiniPlayerVolumeBarMax.tiff in Resources */,
				F51F8A3C24AEDC550066E920 /* MiniPlayerPlaylistButtonPressed.tiff in Resources */,
				F5BE354524C1BFA2007A1D5C /* DetailsNoSongsNoteView.xib in Resources */,
				F51F8A4324AEDC550066E920 /* MiniPlayerPraiseButtonDark.tiff in Resources */,
				F51F8A1C24AEDC550066E920 /* MiniPlayerVolumeButtonDisabledDark.tiff in Resources */,
				F51F8A2224AEDC550066E920 /* YYYMiniPlayerVolumeBarHeaderDark.tiff in Resources */,
				F51F897124AD87080066E920 /* Assets.xcassets in Resources */,
				F51F8A4D24AEDC550066E920 /* MiniPlayerDeleteButtonPressedDark.tiff in Resources */,
				F51F8A3224AEDC550066E920 /* MiniPlayerDislikeButton.tiff in Resources */,
				F51F8A5C24AEDC550066E920 /* MiniPlayerLikeButton.tiff in Resources */,
				F51F8A3124AEDC550066E920 /* MiniPlayerPlayButtonDisabled.tiff in Resources */,
				F51F8A3E24AEDC550066E920 /* MiniPlayerLyricsButtonActive.tiff in Resources */,
				F51F898624AD8D460066E920 /* InfoPlist.strings in Resources */,
				F51F8A4A24AEDC550066E920 /* MiniPlayerVolumeButtonPressed.tiff in Resources */,
				F51F8A5624AEDC550066E920 /* YYYMiniPlayerVolumeBarTailer.tiff in Resources */,
				F51F8A3424AEDC550066E920 /* MiniPlayerLyricsButtonDisabled.tiff in Resources */,
				F51F8A4E24AEDC550066E920 /* MiniPlayerLikeButtonPressed.tiff in Resources */,
				F51F89A224ADBDE80066E920 /* PlayList.storyboard in Resources */,
				F51F8A2C24AEDC550066E920 /* MiniPlayerPauseButtonSelected.tiff in Resources */,
				F51F8A2824AEDC550066E920 /* MiniPlayerNormalModeButtonPressed.tiff in Resources */,
				F51F8A5A24AEDC550066E920 /* MiniPlayerRewindButtonSelected.tiff in Resources */,
				F51F898024AD8BF10066E920 /* Localizations.strings in Resources */,
				F51F8A2124AEDC550066E920 /* MiniPlayerVolumeButton.tiff in Resources */,
				F51F8A5F24AEDC550066E920 /* MiniPlayerCloseButtonPressed.tiff in Resources */,
				F51F8A1924AEDC550066E920 /* MiniPlayerVolumeButtonDark.tiff in Resources */,
				F51F8A1624AEDC550066E920 /* YYYMiniPlayerVolumeBarHeader.tiff in Resources */,
				F51F8A3624AEDC550066E920 /* MiniPlayerPraisedButtonPressed.tiff in Resources */,
				F51F8A2524AEDC550066E920 /* YYYMiniPlayerVolumeBarMaxDark.tiff in Resources */,
				F51F8A1524AEDC550066E920 /* MiniPlayerLyricsButtonPressed.tiff in Resources */,
				F51F8A1424AEDC550066E920 /* MiniPlayerVolumeButtonPressedDark.tiff in Resources */,
				F51F8A2D24AEDC550066E920 /* MiniPlayerDislikeButtonDark.tiff in Resources */,
				F51F8A5E24AEDC550066E920 /* MiniPlayerCloseButton.tiff in Resources */,
				F560F99A24AF3C04008FC9C9 /* CurrentPlaylist.storyboard in Resources */,
				F51F8A3524AEDC550066E920 /* MiniPlayerMiniAlbumDefault.tiff in Resources */,
				F51F8A1B24AEDC550066E920 /* MiniPlayerPlaylistButtonDisabledDark.tiff in Resources */,
				F51F8A5324AEDC550066E920 /* MiniPlayerLyricsButtonPressedDark.tiff in Resources */,
				F51F8A2F24AEDC550066E920 /* MiniPlayerPlaylistButtonPressedDark.tiff in Resources */,
			);
			runOnlyForDeploymentPostprocessing = 0;
		};
/* End PBXResourcesBuildPhase section */

/* Begin PBXShellScriptBuildPhase section */
		61E98B16489600873755D9B4 /* [CP] Check Pods Manifest.lock */ = {
			isa = PBXShellScriptBuildPhase;
			buildActionMask = 2147483647;
			files = (
			);
			inputFileListPaths = (
			);
			inputPaths = (
				"${PODS_PODFILE_DIR_PATH}/Podfile.lock",
				"${PODS_ROOT}/Manifest.lock",
			);
			name = "[CP] Check Pods Manifest.lock";
			outputFileListPaths = (
			);
			outputPaths = (
				"$(DERIVED_FILE_DIR)/Pods-DNLocalMusicPlayer-checkManifestLockResult.txt",
			);
			runOnlyForDeploymentPostprocessing = 0;
			shellPath = /bin/sh;
			shellScript = "diff \"${PODS_PODFILE_DIR_PATH}/Podfile.lock\" \"${PODS_ROOT}/Manifest.lock\" > /dev/null\nif [ $? != 0 ] ; then\n    # print error to STDERR\n    echo \"error: The sandbox is not in sync with the Podfile.lock. Run 'pod install' or update your CocoaPods installation.\" >&2\n    exit 1\nfi\n# This output is used by Xcode 'outputs' to avoid re-running this script phase.\necho \"SUCCESS\" > \"${SCRIPT_OUTPUT_FILE_0}\"\n";
			showEnvVarsInLog = 0;
		};
		E6BD27235963295433FD66DE /* [CP] Embed Pods Frameworks */ = {
			isa = PBXShellScriptBuildPhase;
			buildActionMask = 2147483647;
			files = (
			);
			inputFileListPaths = (
				"${PODS_ROOT}/Target Support Files/Pods-DNLocalMusicPlayer/Pods-DNLocalMusicPlayer-frameworks-${CONFIGURATION}-input-files.xcfilelist",
			);
			name = "[CP] Embed Pods Frameworks";
			outputFileListPaths = (
				"${PODS_ROOT}/Target Support Files/Pods-DNLocalMusicPlayer/Pods-DNLocalMusicPlayer-frameworks-${CONFIGURATION}-output-files.xcfilelist",
			);
			runOnlyForDeploymentPostprocessing = 0;
			shellPath = /bin/sh;
			shellScript = "\"${PODS_ROOT}/Target Support Files/Pods-DNLocalMusicPlayer/Pods-DNLocalMusicPlayer-frameworks.sh\"\n";
			showEnvVarsInLog = 0;
		};
/* End PBXShellScriptBuildPhase section */

/* Begin PBXSourcesBuildPhase section */
		F51F896324AD87060066E920 /* Sources */ = {
			isa = PBXSourcesBuildPhase;
			buildActionMask = 2147483647;
			files = (
				F5BE353D24C1A120007A1D5C /* DetailsViewHeaderView.swift in Sources */,
				F58EF75F24C02424001E94FF /* DNAlertView.swift in Sources */,
				F5BE354124C1AC8B007A1D5C /* DNAlphaButton.swift in Sources */,
				F51F89B224ADC2FB0066E920 /* PlayListViewController.swift in Sources */,
				F58EF76724C052B0001E94FF /* NSTextField-Extension.swift in Sources */,
				F560F99D24AF3C6B008FC9C9 /* CurrentPlaylistViewController.swift in Sources */,
				F51A3BA524C850B100F49E10 /* UserDefaultsManager.swift in Sources */,
				F560F99524AF3730008FC9C9 /* VolumePopover.swift in Sources */,
				F5CFA52424B40748001D1343 /* DNBaseView.swift in Sources */,
				F51F89AE24ADC0A20066E920 /* NSColor-Extension.swift in Sources */,
				F52ABDEC24BD98E400D093C4 /* DNTableRow.swift in Sources */,
				F51F89AA24ADBF600066E920 /* DetailsPageViewController.swift in Sources */,
				F5DC90BE24C8118F00FFB4FB /* DNSliderCell.swift in Sources */,
				F55C3BC524B87E4C00017FBD /* SongManager.swift in Sources */,
				F5DC90BA24C80FD700FFB4FB /* DNVolumeSlider.swift in Sources */,
				F51F896B24AD87060066E920 /* AppDelegate.swift in Sources */,
				F5BE354324C1BF9A007A1D5C /* DetailsNoSongsNoteView.swift in Sources */,
				F5CFA52224B342B1001D1343 /* MainViewController.swift in Sources */,
				F5DC90A624C6E55000FFB4FB /* CustomAlbumButton.swift in Sources */,
				F51C100324B31CBC0079DD35 /* CustomWindow.swift in Sources */,
				F5DC90A424C6C26000FFB4FB /* WindowTitileBar.swift in Sources */,
				F58AEC8F24BC6CF6007C0C75 /* Playlist.swift in Sources */,
				F56F6A6D24B9C03F005D550A /* PlayerManager.swift in Sources */,
				F51F89BC24ADC8C80066E920 /* PlayViewController.swift in Sources */,
				F51F8A6224AEF8670066E920 /* DNButton.swift in Sources */,
				F5ACF75F24BBF2A9000A41E1 /* DNTitleButton.swift in Sources */,
				F58574EC24BC4EC800C7E957 /* Utility.swift in Sources */,
				F5EE566F24B6CC3B00CE9ABC /* WindowManager.swift in Sources */,
				F51F89B424ADC3470066E920 /* BottomPlayViewController.swift in Sources */,
				F5DC90C024C8137300FFB4FB /* DNSlider.swift in Sources */,
				F55C3BC724B87E8700017FBD /* Song.swift in Sources */,
				F5CAE88524C18587003901F5 /* DNFippedView.swift in Sources */,
				F58EF76524C04A00001E94FF /* NSView-Extension.swift in Sources */,
				F560F9A024AF4B4B008FC9C9 /* Constants.swift in Sources */,
				F51F89B024ADC26E0066E920 /* BaseViewController.swift in Sources */,
				F51F896F24AD87060066E920 /* Document.swift in Sources */,
				F5DC90B024C6F2BA00FFB4FB /* SongProgressViewController.swift in Sources */,
				F5BE353B24C19100007A1D5C /* FippedTableBackScrollView.swift in Sources */,
				F5BE353724C186EC007A1D5C /* DNFippedScrollView.swift in Sources */,
				F51C100724B3220B0079DD35 /* DNTitleBarView.swift in Sources */,
			);
			runOnlyForDeploymentPostprocessing = 0;
		};
/* End PBXSourcesBuildPhase section */

/* Begin PBXVariantGroup section */
		F51F898224AD8BF10066E920 /* Localizations.strings */ = {
			isa = PBXVariantGroup;
			children = (
				F51F898124AD8BF10066E920 /* en */,
				F51F898324AD8C030066E920 /* zh-Hans */,
			);
			name = Localizations.strings;
			sourceTree = "<group>";
		};
		F51F898824AD8D460066E920 /* InfoPlist.strings */ = {
			isa = PBXVariantGroup;
			children = (
				F51F898724AD8D460066E920 /* zh-Hans */,
				F51F898924AD8D4A0066E920 /* en */,
			);
			name = InfoPlist.strings;
			sourceTree = "<group>";
		};
/* End PBXVariantGroup section */

/* Begin XCBuildConfiguration section */
		F51F897724AD87080066E920 /* Debug */ = {
			isa = XCBuildConfiguration;
			buildSettings = {
				ALWAYS_SEARCH_USER_PATHS = NO;
				CLANG_ANALYZER_LOCALIZABILITY_NONLOCALIZED = YES;
				CLANG_ANALYZER_NONNULL = YES;
				CLANG_ANALYZER_NUMBER_OBJECT_CONVERSION = YES_AGGRESSIVE;
				CLANG_CXX_LANGUAGE_STANDARD = "gnu++14";
				CLANG_CXX_LIBRARY = "libc++";
				CLANG_ENABLE_MODULES = YES;
				CLANG_ENABLE_OBJC_ARC = YES;
				CLANG_ENABLE_OBJC_WEAK = YES;
				CLANG_WARN_BLOCK_CAPTURE_AUTORELEASING = YES;
				CLANG_WARN_BOOL_CONVERSION = YES;
				CLANG_WARN_COMMA = YES;
				CLANG_WARN_CONSTANT_CONVERSION = YES;
				CLANG_WARN_DEPRECATED_OBJC_IMPLEMENTATIONS = YES;
				CLANG_WARN_DIRECT_OBJC_ISA_USAGE = YES_ERROR;
				CLANG_WARN_DOCUMENTATION_COMMENTS = YES;
				CLANG_WARN_EMPTY_BODY = YES;
				CLANG_WARN_ENUM_CONVERSION = YES;
				CLANG_WARN_INFINITE_RECURSION = YES;
				CLANG_WARN_INT_CONVERSION = YES;
				CLANG_WARN_NON_LITERAL_NULL_CONVERSION = YES;
				CLANG_WARN_OBJC_IMPLICIT_RETAIN_SELF = YES;
				CLANG_WARN_OBJC_LITERAL_CONVERSION = YES;
				CLANG_WARN_OBJC_ROOT_CLASS = YES_ERROR;
				CLANG_WARN_RANGE_LOOP_ANALYSIS = YES;
				CLANG_WARN_STRICT_PROTOTYPES = YES;
				CLANG_WARN_SUSPICIOUS_MOVE = YES;
				CLANG_WARN_UNGUARDED_AVAILABILITY = YES_AGGRESSIVE;
				CLANG_WARN_UNREACHABLE_CODE = YES;
				CLANG_WARN__DUPLICATE_METHOD_MATCH = YES;
				COPY_PHASE_STRIP = NO;
				DEBUG_INFORMATION_FORMAT = dwarf;
				ENABLE_STRICT_OBJC_MSGSEND = YES;
				ENABLE_TESTABILITY = YES;
				GCC_C_LANGUAGE_STANDARD = gnu11;
				GCC_DYNAMIC_NO_PIC = NO;
				GCC_NO_COMMON_BLOCKS = YES;
				GCC_OPTIMIZATION_LEVEL = 0;
				GCC_PREPROCESSOR_DEFINITIONS = (
					"DEBUG=1",
					"$(inherited)",
				);
				GCC_WARN_64_TO_32_BIT_CONVERSION = YES;
				GCC_WARN_ABOUT_RETURN_TYPE = YES_ERROR;
				GCC_WARN_UNDECLARED_SELECTOR = YES;
				GCC_WARN_UNINITIALIZED_AUTOS = YES_AGGRESSIVE;
				GCC_WARN_UNUSED_FUNCTION = YES;
				GCC_WARN_UNUSED_VARIABLE = YES;
				MACOSX_DEPLOYMENT_TARGET = 10.15;
				MTL_ENABLE_DEBUG_INFO = INCLUDE_SOURCE;
				MTL_FAST_MATH = YES;
				ONLY_ACTIVE_ARCH = YES;
				SDKROOT = macosx;
				SWIFT_ACTIVE_COMPILATION_CONDITIONS = DEBUG;
				SWIFT_OPTIMIZATION_LEVEL = "-Onone";
			};
			name = Debug;
		};
		F51F897824AD87080066E920 /* Release */ = {
			isa = XCBuildConfiguration;
			buildSettings = {
				ALWAYS_SEARCH_USER_PATHS = NO;
				CLANG_ANALYZER_LOCALIZABILITY_NONLOCALIZED = YES;
				CLANG_ANALYZER_NONNULL = YES;
				CLANG_ANALYZER_NUMBER_OBJECT_CONVERSION = YES_AGGRESSIVE;
				CLANG_CXX_LANGUAGE_STANDARD = "gnu++14";
				CLANG_CXX_LIBRARY = "libc++";
				CLANG_ENABLE_MODULES = YES;
				CLANG_ENABLE_OBJC_ARC = YES;
				CLANG_ENABLE_OBJC_WEAK = YES;
				CLANG_WARN_BLOCK_CAPTURE_AUTORELEASING = YES;
				CLANG_WARN_BOOL_CONVERSION = YES;
				CLANG_WARN_COMMA = YES;
				CLANG_WARN_CONSTANT_CONVERSION = YES;
				CLANG_WARN_DEPRECATED_OBJC_IMPLEMENTATIONS = YES;
				CLANG_WARN_DIRECT_OBJC_ISA_USAGE = YES_ERROR;
				CLANG_WARN_DOCUMENTATION_COMMENTS = YES;
				CLANG_WARN_EMPTY_BODY = YES;
				CLANG_WARN_ENUM_CONVERSION = YES;
				CLANG_WARN_INFINITE_RECURSION = YES;
				CLANG_WARN_INT_CONVERSION = YES;
				CLANG_WARN_NON_LITERAL_NULL_CONVERSION = YES;
				CLANG_WARN_OBJC_IMPLICIT_RETAIN_SELF = YES;
				CLANG_WARN_OBJC_LITERAL_CONVERSION = YES;
				CLANG_WARN_OBJC_ROOT_CLASS = YES_ERROR;
				CLANG_WARN_RANGE_LOOP_ANALYSIS = YES;
				CLANG_WARN_STRICT_PROTOTYPES = YES;
				CLANG_WARN_SUSPICIOUS_MOVE = YES;
				CLANG_WARN_UNGUARDED_AVAILABILITY = YES_AGGRESSIVE;
				CLANG_WARN_UNREACHABLE_CODE = YES;
				CLANG_WARN__DUPLICATE_METHOD_MATCH = YES;
				COPY_PHASE_STRIP = NO;
				DEBUG_INFORMATION_FORMAT = "dwarf-with-dsym";
				ENABLE_NS_ASSERTIONS = NO;
				ENABLE_STRICT_OBJC_MSGSEND = YES;
				GCC_C_LANGUAGE_STANDARD = gnu11;
				GCC_NO_COMMON_BLOCKS = YES;
				GCC_WARN_64_TO_32_BIT_CONVERSION = YES;
				GCC_WARN_ABOUT_RETURN_TYPE = YES_ERROR;
				GCC_WARN_UNDECLARED_SELECTOR = YES;
				GCC_WARN_UNINITIALIZED_AUTOS = YES_AGGRESSIVE;
				GCC_WARN_UNUSED_FUNCTION = YES;
				GCC_WARN_UNUSED_VARIABLE = YES;
				MACOSX_DEPLOYMENT_TARGET = 10.15;
				MTL_ENABLE_DEBUG_INFO = NO;
				MTL_FAST_MATH = YES;
				SDKROOT = macosx;
				SWIFT_COMPILATION_MODE = wholemodule;
				SWIFT_OPTIMIZATION_LEVEL = "-O";
			};
			name = Release;
		};
		F51F897A24AD87080066E920 /* Debug */ = {
			isa = XCBuildConfiguration;
			baseConfigurationReference = C98DC77936359675D8B9A143 /* Pods-DNLocalMusicPlayer.debug.xcconfig */;
			buildSettings = {
				ASSETCATALOG_COMPILER_APPICON_NAME = AppIcon;
				CODE_SIGN_ENTITLEMENTS = DNLocalMusicPlayer/DNLocalMusicPlayer.entitlements;
				CODE_SIGN_IDENTITY = "Apple Development";
				CODE_SIGN_STYLE = Automatic;
				COMBINE_HIDPI_IMAGES = YES;
				DEVELOPMENT_TEAM = N39B4MRZ3Y;
				ENABLE_HARDENED_RUNTIME = YES;
				INFOPLIST_FILE = DNLocalMusicPlayer/Info.plist;
				LD_RUNPATH_SEARCH_PATHS = (
					"$(inherited)",
					"@executable_path/../Frameworks",
				);
				PRODUCT_BUNDLE_IDENTIFIER = com.daning.musicplayer.DNLocalMusicPlayer;
				PRODUCT_NAME = "DN音乐";
				SWIFT_VERSION = 5.0;
			};
			name = Debug;
		};
		F51F897B24AD87080066E920 /* Release */ = {
			isa = XCBuildConfiguration;
			baseConfigurationReference = B00D5D51D60A5E837DCC0F81 /* Pods-DNLocalMusicPlayer.release.xcconfig */;
			buildSettings = {
				ASSETCATALOG_COMPILER_APPICON_NAME = AppIcon;
				CODE_SIGN_ENTITLEMENTS = DNLocalMusicPlayer/DNLocalMusicPlayer.entitlements;
				CODE_SIGN_IDENTITY = "Apple Development";
				CODE_SIGN_STYLE = Automatic;
				COMBINE_HIDPI_IMAGES = YES;
				DEVELOPMENT_TEAM = N39B4MRZ3Y;
				ENABLE_HARDENED_RUNTIME = YES;
				INFOPLIST_FILE = DNLocalMusicPlayer/Info.plist;
				LD_RUNPATH_SEARCH_PATHS = (
					"$(inherited)",
					"@executable_path/../Frameworks",
				);
				PRODUCT_BUNDLE_IDENTIFIER = com.daning.musicplayer.DNLocalMusicPlayer;
				PRODUCT_NAME = "DN音乐";
				SWIFT_VERSION = 5.0;
			};
			name = Release;
		};
/* End XCBuildConfiguration section */

/* Begin XCConfigurationList section */
		F51F896224AD87060066E920 /* Build configuration list for PBXProject "DNLocalMusicPlayer" */ = {
			isa = XCConfigurationList;
			buildConfigurations = (
				F51F897724AD87080066E920 /* Debug */,
				F51F897824AD87080066E920 /* Release */,
			);
			defaultConfigurationIsVisible = 0;
			defaultConfigurationName = Release;
		};
		F51F897924AD87080066E920 /* Build configuration list for PBXNativeTarget "DNLocalMusicPlayer" */ = {
			isa = XCConfigurationList;
			buildConfigurations = (
				F51F897A24AD87080066E920 /* Debug */,
				F51F897B24AD87080066E920 /* Release */,
			);
			defaultConfigurationIsVisible = 0;
			defaultConfigurationName = Release;
		};
/* End XCConfigurationList section */
	};
	rootObject = F51F895F24AD87060066E920 /* Project object */;
}
