// !$*UTF8*$!
{
	archiveVersion = 1;
	classes = {
	};
	objectVersion = 50;
	objects = {

/* Begin PBXBuildFile section */
		F51F896B24AD87060066E920 /* AppDelegate.swift in Sources */ = {isa = PBXBuildFile; fileRef = F51F896A24AD87060066E920 /* AppDelegate.swift */; };
		F51F896D24AD87060066E920 /* ViewController.swift in Sources */ = {isa = PBXBuildFile; fileRef = F51F896C24AD87060066E920 /* ViewController.swift */; };
		F51F896F24AD87060066E920 /* Document.swift in Sources */ = {isa = PBXBuildFile; fileRef = F51F896E24AD87060066E920 /* Document.swift */; };
		F51F897124AD87080066E920 /* Assets.xcassets in Resources */ = {isa = PBXBuildFile; fileRef = F51F897024AD87080066E920 /* Assets.xcassets */; };
		F51F898024AD8BF10066E920 /* Localizations.strings in Resources */ = {isa = PBXBuildFile; fileRef = F51F898224AD8BF10066E920 /* Localizations.strings */; };
		F51F898624AD8D460066E920 /* InfoPlist.strings in Resources */ = {isa = PBXBuildFile; fileRef = F51F898824AD8D460066E920 /* InfoPlist.strings */; };
		F51F898B24AD91FB0066E920 /* WindowController.swift in Sources */ = {isa = PBXBuildFile; fileRef = F51F898A24AD91FB0066E920 /* WindowController.swift */; };
		F51F899524ADBB480066E920 /* BottomPlayView.storyboard in Resources */ = {isa = PBXBuildFile; fileRef = F51F899424ADBB480066E920 /* BottomPlayView.storyboard */; };
		F51F899C24ADBC920066E920 /* Main.storyboard in Resources */ = {isa = PBXBuildFile; fileRef = F51F899B24ADBC920066E920 /* Main.storyboard */; };
		F51F89A224ADBDE80066E920 /* PlayList.storyboard in Resources */ = {isa = PBXBuildFile; fileRef = F51F89A124ADBDE80066E920 /* PlayList.storyboard */; };
		F51F89A824ADBEC10066E920 /* DetailsPage.storyboard in Resources */ = {isa = PBXBuildFile; fileRef = F51F89A724ADBEC10066E920 /* DetailsPage.storyboard */; };
		F51F89AA24ADBF600066E920 /* DetailsPageViewController.swift in Sources */ = {isa = PBXBuildFile; fileRef = F51F89A924ADBF600066E920 /* DetailsPageViewController.swift */; };
		F51F89AE24ADC0A20066E920 /* NSColor-Extension.swift in Sources */ = {isa = PBXBuildFile; fileRef = F51F89AD24ADC0A20066E920 /* NSColor-Extension.swift */; };
		F51F89B024ADC26E0066E920 /* BaseViewController.swift in Sources */ = {isa = PBXBuildFile; fileRef = F51F89AF24ADC26E0066E920 /* BaseViewController.swift */; };
		F51F89B224ADC2FB0066E920 /* PlayListViewController.swift in Sources */ = {isa = PBXBuildFile; fileRef = F51F89B124ADC2FB0066E920 /* PlayListViewController.swift */; };
		F51F89B424ADC3470066E920 /* BottomPlayViewController.swift in Sources */ = {isa = PBXBuildFile; fileRef = F51F89B324ADC3470066E920 /* BottomPlayViewController.swift */; };
		F51F89BA24ADC89F0066E920 /* PlayView.storyboard in Resources */ = {isa = PBXBuildFile; fileRef = F51F89B924ADC89F0066E920 /* PlayView.storyboard */; };
		F51F89BC24ADC8C80066E920 /* PlayViewController.swift in Sources */ = {isa = PBXBuildFile; fileRef = F51F89BB24ADC8C80066E920 /* PlayViewController.swift */; };
/* End PBXBuildFile section */

/* Begin PBXFileReference section */
		F51F896724AD87060066E920 /* DN音乐.app */ = {isa = PBXFileReference; explicitFileType = wrapper.application; includeInIndex = 0; path = "DN音乐.app"; sourceTree = BUILT_PRODUCTS_DIR; };
		F51F896A24AD87060066E920 /* AppDelegate.swift */ = {isa = PBXFileReference; lastKnownFileType = sourcecode.swift; path = AppDelegate.swift; sourceTree = "<group>"; };
		F51F896C24AD87060066E920 /* ViewController.swift */ = {isa = PBXFileReference; lastKnownFileType = sourcecode.swift; path = ViewController.swift; sourceTree = "<group>"; };
		F51F896E24AD87060066E920 /* Document.swift */ = {isa = PBXFileReference; lastKnownFileType = sourcecode.swift; path = Document.swift; sourceTree = "<group>"; };
		F51F897024AD87080066E920 /* Assets.xcassets */ = {isa = PBXFileReference; lastKnownFileType = folder.assetcatalog; path = Assets.xcassets; sourceTree = "<group>"; };
		F51F897524AD87080066E920 /* Info.plist */ = {isa = PBXFileReference; lastKnownFileType = text.plist.xml; path = Info.plist; sourceTree = "<group>"; };
		F51F897624AD87080066E920 /* DNLocalMusicPlayer.entitlements */ = {isa = PBXFileReference; lastKnownFileType = text.plist.entitlements; path = DNLocalMusicPlayer.entitlements; sourceTree = "<group>"; };
		F51F898124AD8BF10066E920 /* en */ = {isa = PBXFileReference; lastKnownFileType = text.plist.strings; name = en; path = en.lproj/Localizations.strings; sourceTree = "<group>"; };
		F51F898324AD8C030066E920 /* zh-Hans */ = {isa = PBXFileReference; lastKnownFileType = text.plist.strings; name = "zh-Hans"; path = "zh-Hans.lproj/Localizations.strings"; sourceTree = "<group>"; };
		F51F898724AD8D460066E920 /* zh-Hans */ = {isa = PBXFileReference; lastKnownFileType = text.plist.strings; name = "zh-Hans"; path = "zh-Hans.lproj/InfoPlist.strings"; sourceTree = "<group>"; };
		F51F898924AD8D4A0066E920 /* en */ = {isa = PBXFileReference; lastKnownFileType = text.plist.strings; name = en; path = en.lproj/InfoPlist.strings; sourceTree = "<group>"; };
		F51F898A24AD91FB0066E920 /* WindowController.swift */ = {isa = PBXFileReference; lastKnownFileType = sourcecode.swift; path = WindowController.swift; sourceTree = "<group>"; };
		F51F899424ADBB480066E920 /* BottomPlayView.storyboard */ = {isa = PBXFileReference; fileEncoding = 4; lastKnownFileType = file.storyboard; path = BottomPlayView.storyboard; sourceTree = "<group>"; };
		F51F899B24ADBC920066E920 /* Main.storyboard */ = {isa = PBXFileReference; fileEncoding = 4; lastKnownFileType = file.storyboard; path = Main.storyboard; sourceTree = "<group>"; };
		F51F89A124ADBDE80066E920 /* PlayList.storyboard */ = {isa = PBXFileReference; fileEncoding = 4; lastKnownFileType = file.storyboard; path = PlayList.storyboard; sourceTree = "<group>"; };
		F51F89A724ADBEC10066E920 /* DetailsPage.storyboard */ = {isa = PBXFileReference; fileEncoding = 4; lastKnownFileType = file.storyboard; path = DetailsPage.storyboard; sourceTree = "<group>"; };
		F51F89A924ADBF600066E920 /* DetailsPageViewController.swift */ = {isa = PBXFileReference; lastKnownFileType = sourcecode.swift; path = DetailsPageViewController.swift; sourceTree = "<group>"; };
		F51F89AD24ADC0A20066E920 /* NSColor-Extension.swift */ = {isa = PBXFileReference; lastKnownFileType = sourcecode.swift; path = "NSColor-Extension.swift"; sourceTree = "<group>"; };
		F51F89AF24ADC26E0066E920 /* BaseViewController.swift */ = {isa = PBXFileReference; lastKnownFileType = sourcecode.swift; path = BaseViewController.swift; sourceTree = "<group>"; };
		F51F89B124ADC2FB0066E920 /* PlayListViewController.swift */ = {isa = PBXFileReference; lastKnownFileType = sourcecode.swift; path = PlayListViewController.swift; sourceTree = "<group>"; };
		F51F89B324ADC3470066E920 /* BottomPlayViewController.swift */ = {isa = PBXFileReference; lastKnownFileType = sourcecode.swift; path = BottomPlayViewController.swift; sourceTree = "<group>"; };
		F51F89B924ADC89F0066E920 /* PlayView.storyboard */ = {isa = PBXFileReference; fileEncoding = 4; lastKnownFileType = file.storyboard; name = PlayView.storyboard; path = DNLocalMusicPlayer/Classes/Playview/Controller/PlayView.storyboard; sourceTree = SOURCE_ROOT; };
		F51F89BB24ADC8C80066E920 /* PlayViewController.swift */ = {isa = PBXFileReference; lastKnownFileType = sourcecode.swift; path = PlayViewController.swift; sourceTree = "<group>"; };
/* End PBXFileReference section */

/* Begin PBXFrameworksBuildPhase section */
		F51F896424AD87060066E920 /* Frameworks */ = {
			isa = PBXFrameworksBuildPhase;
			buildActionMask = 2147483647;
			files = (
			);
			runOnlyForDeploymentPostprocessing = 0;
		};
/* End PBXFrameworksBuildPhase section */

/* Begin PBXGroup section */
		F51F895E24AD87060066E920 = {
			isa = PBXGroup;
			children = (
				F51F896924AD87060066E920 /* DNLocalMusicPlayer */,
				F51F896824AD87060066E920 /* Products */,
			);
			sourceTree = "<group>";
		};
		F51F896824AD87060066E920 /* Products */ = {
			isa = PBXGroup;
			children = (
				F51F896724AD87060066E920 /* DN音乐.app */,
			);
			name = Products;
			sourceTree = "<group>";
		};
		F51F896924AD87060066E920 /* DNLocalMusicPlayer */ = {
			isa = PBXGroup;
			children = (
				F51F899624ADBC0E0066E920 /* Root */,
				F51F898F24ADBA570066E920 /* Classes */,
				F51F897024AD87080066E920 /* Assets.xcassets */,
				F51F897524AD87080066E920 /* Info.plist */,
				F51F898224AD8BF10066E920 /* Localizations.strings */,
				F51F898824AD8D460066E920 /* InfoPlist.strings */,
				F51F897624AD87080066E920 /* DNLocalMusicPlayer.entitlements */,
			);
			path = DNLocalMusicPlayer;
			sourceTree = "<group>";
		};
		F51F898F24ADBA570066E920 /* Classes */ = {
			isa = PBXGroup;
			children = (
				F51F899024ADBA620066E920 /* Main */,
				F51F899D24ADBD580066E920 /* PlayList */,
				F51F89A324ADBE820066E920 /* DetailsPage */,
				F51F89B524ADC8770066E920 /* Playview */,
				F51F899124ADBA7A0066E920 /* BottomPlayView */,
				F51F89AB24ADC06D0066E920 /* Tools */,
			);
			path = Classes;
			sourceTree = "<group>";
		};
		F51F899024ADBA620066E920 /* Main */ = {
			isa = PBXGroup;
			children = (
				F51F899A24ADBC6C0066E920 /* Controller */,
			);
			path = Main;
			sourceTree = "<group>";
		};
		F51F899124ADBA7A0066E920 /* BottomPlayView */ = {
			isa = PBXGroup;
			children = (
				F51F899724ADBC1D0066E920 /* Model */,
				F51F899824ADBC260066E920 /* View */,
				F51F899924ADBC2D0066E920 /* Controller */,
			);
			path = BottomPlayView;
			sourceTree = "<group>";
		};
		F51F899624ADBC0E0066E920 /* Root */ = {
			isa = PBXGroup;
			children = (
				F51F896A24AD87060066E920 /* AppDelegate.swift */,
				F51F896E24AD87060066E920 /* Document.swift */,
			);
			path = Root;
			sourceTree = "<group>";
		};
		F51F899724ADBC1D0066E920 /* Model */ = {
			isa = PBXGroup;
			children = (
			);
			path = Model;
			sourceTree = "<group>";
		};
		F51F899824ADBC260066E920 /* View */ = {
			isa = PBXGroup;
			children = (
			);
			path = View;
			sourceTree = "<group>";
		};
		F51F899924ADBC2D0066E920 /* Controller */ = {
			isa = PBXGroup;
			children = (
				F51F899424ADBB480066E920 /* BottomPlayView.storyboard */,
				F51F89B324ADC3470066E920 /* BottomPlayViewController.swift */,
			);
			path = Controller;
			sourceTree = "<group>";
		};
		F51F899A24ADBC6C0066E920 /* Controller */ = {
			isa = PBXGroup;
			children = (
				F51F899B24ADBC920066E920 /* Main.storyboard */,
				F51F896C24AD87060066E920 /* ViewController.swift */,
				F51F898A24AD91FB0066E920 /* WindowController.swift */,
				F51F89AF24ADC26E0066E920 /* BaseViewController.swift */,
			);
			path = Controller;
			sourceTree = "<group>";
		};
		F51F899D24ADBD580066E920 /* PlayList */ = {
			isa = PBXGroup;
			children = (
				F51F899E24ADBD660066E920 /* Model */,
				F51F899F24ADBD6B0066E920 /* View */,
				F51F89A024ADBD720066E920 /* Controller */,
			);
			path = PlayList;
			sourceTree = "<group>";
		};
		F51F899E24ADBD660066E920 /* Model */ = {
			isa = PBXGroup;
			children = (
			);
			path = Model;
			sourceTree = "<group>";
		};
		F51F899F24ADBD6B0066E920 /* View */ = {
			isa = PBXGroup;
			children = (
			);
			path = View;
			sourceTree = "<group>";
		};
		F51F89A024ADBD720066E920 /* Controller */ = {
			isa = PBXGroup;
			children = (
				F51F89A124ADBDE80066E920 /* PlayList.storyboard */,
				F51F89B124ADC2FB0066E920 /* PlayListViewController.swift */,
			);
			path = Controller;
			sourceTree = "<group>";
		};
		F51F89A324ADBE820066E920 /* DetailsPage */ = {
			isa = PBXGroup;
			children = (
				F51F89A624ADBE9B0066E920 /* Model */,
				F51F89A524ADBE960066E920 /* View */,
				F51F89A424ADBE8C0066E920 /* Controller */,
			);
			path = DetailsPage;
			sourceTree = "<group>";
		};
		F51F89A424ADBE8C0066E920 /* Controller */ = {
			isa = PBXGroup;
			children = (
				F51F89A724ADBEC10066E920 /* DetailsPage.storyboard */,
				F51F89A924ADBF600066E920 /* DetailsPageViewController.swift */,
			);
			path = Controller;
			sourceTree = "<group>";
		};
		F51F89A524ADBE960066E920 /* View */ = {
			isa = PBXGroup;
			children = (
			);
			path = View;
			sourceTree = "<group>";
		};
		F51F89A624ADBE9B0066E920 /* Model */ = {
			isa = PBXGroup;
			children = (
			);
			path = Model;
			sourceTree = "<group>";
		};
		F51F89AB24ADC06D0066E920 /* Tools */ = {
			isa = PBXGroup;
			children = (
				F51F89AC24ADC0750066E920 /* Extension */,
			);
			path = Tools;
			sourceTree = "<group>";
		};
		F51F89AC24ADC0750066E920 /* Extension */ = {
			isa = PBXGroup;
			children = (
				F51F89AD24ADC0A20066E920 /* NSColor-Extension.swift */,
			);
			path = Extension;
			sourceTree = "<group>";
		};
		F51F89B524ADC8770066E920 /* Playview */ = {
			isa = PBXGroup;
			children = (
				F51F89B824ADC88B0066E920 /* Model */,
				F51F89B724ADC8880066E920 /* View */,
				F51F89B624ADC8800066E920 /* Controller */,
			);
			path = Playview;
			sourceTree = "<group>";
		};
		F51F89B624ADC8800066E920 /* Controller */ = {
			isa = PBXGroup;
			children = (
				F51F89B924ADC89F0066E920 /* PlayView.storyboard */,
				F51F89BB24ADC8C80066E920 /* PlayViewController.swift */,
			);
			path = Controller;
			sourceTree = "<group>";
		};
		F51F89B724ADC8880066E920 /* View */ = {
			isa = PBXGroup;
			children = (
			);
			path = View;
			sourceTree = "<group>";
		};
		F51F89B824ADC88B0066E920 /* Model */ = {
			isa = PBXGroup;
			children = (
			);
			path = Model;
			sourceTree = "<group>";
		};
/* End PBXGroup section */

/* Begin PBXNativeTarget section */
		F51F896624AD87060066E920 /* DNLocalMusicPlayer */ = {
			isa = PBXNativeTarget;
			buildConfigurationList = F51F897924AD87080066E920 /* Build configuration list for PBXNativeTarget "DNLocalMusicPlayer" */;
			buildPhases = (
				F51F896324AD87060066E920 /* Sources */,
				F51F896424AD87060066E920 /* Frameworks */,
				F51F896524AD87060066E920 /* Resources */,
			);
			buildRules = (
			);
			dependencies = (
			);
			name = DNLocalMusicPlayer;
			productName = DNLocalMusicPlayer;
			productReference = F51F896724AD87060066E920 /* DN音乐.app */;
			productType = "com.apple.product-type.application";
		};
/* End PBXNativeTarget section */

/* Begin PBXProject section */
		F51F895F24AD87060066E920 /* Project object */ = {
			isa = PBXProject;
			attributes = {
				LastSwiftUpdateCheck = 1150;
				LastUpgradeCheck = 1150;
				ORGANIZATIONNAME = "大宁";
				TargetAttributes = {
					F51F896624AD87060066E920 = {
						CreatedOnToolsVersion = 11.5;
					};
				};
			};
			buildConfigurationList = F51F896224AD87060066E920 /* Build configuration list for PBXProject "DNLocalMusicPlayer" */;
			compatibilityVersion = "Xcode 9.3";
			developmentRegion = en;
			hasScannedForEncodings = 0;
			knownRegions = (
				en,
				Base,
				"zh-Hans",
			);
			mainGroup = F51F895E24AD87060066E920;
			productRefGroup = F51F896824AD87060066E920 /* Products */;
			projectDirPath = "";
			projectRoot = "";
			targets = (
				F51F896624AD87060066E920 /* DNLocalMusicPlayer */,
			);
		};
/* End PBXProject section */

/* Begin PBXResourcesBuildPhase section */
		F51F896524AD87060066E920 /* Resources */ = {
			isa = PBXResourcesBuildPhase;
			buildActionMask = 2147483647;
			files = (
				F51F899524ADBB480066E920 /* BottomPlayView.storyboard in Resources */,
				F51F89A824ADBEC10066E920 /* DetailsPage.storyboard in Resources */,
				F51F899C24ADBC920066E920 /* Main.storyboard in Resources */,
				F51F89BA24ADC89F0066E920 /* PlayView.storyboard in Resources */,
				F51F897124AD87080066E920 /* Assets.xcassets in Resources */,
				F51F898624AD8D460066E920 /* InfoPlist.strings in Resources */,
				F51F89A224ADBDE80066E920 /* PlayList.storyboard in Resources */,
				F51F898024AD8BF10066E920 /* Localizations.strings in Resources */,
			);
			runOnlyForDeploymentPostprocessing = 0;
		};
/* End PBXResourcesBuildPhase section */

/* Begin PBXSourcesBuildPhase section */
		F51F896324AD87060066E920 /* Sources */ = {
			isa = PBXSourcesBuildPhase;
			buildActionMask = 2147483647;
			files = (
				F51F89B224ADC2FB0066E920 /* PlayListViewController.swift in Sources */,
				F51F89AE24ADC0A20066E920 /* NSColor-Extension.swift in Sources */,
				F51F896D24AD87060066E920 /* ViewController.swift in Sources */,
				F51F898B24AD91FB0066E920 /* WindowController.swift in Sources */,
				F51F89AA24ADBF600066E920 /* DetailsPageViewController.swift in Sources */,
				F51F896B24AD87060066E920 /* AppDelegate.swift in Sources */,
				F51F89BC24ADC8C80066E920 /* PlayViewController.swift in Sources */,
				F51F89B424ADC3470066E920 /* BottomPlayViewController.swift in Sources */,
				F51F89B024ADC26E0066E920 /* BaseViewController.swift in Sources */,
				F51F896F24AD87060066E920 /* Document.swift in Sources */,
			);
			runOnlyForDeploymentPostprocessing = 0;
		};
/* End PBXSourcesBuildPhase section */

/* Begin PBXVariantGroup section */
		F51F898224AD8BF10066E920 /* Localizations.strings */ = {
			isa = PBXVariantGroup;
			children = (
				F51F898124AD8BF10066E920 /* en */,
				F51F898324AD8C030066E920 /* zh-Hans */,
			);
			name = Localizations.strings;
			sourceTree = "<group>";
		};
		F51F898824AD8D460066E920 /* InfoPlist.strings */ = {
			isa = PBXVariantGroup;
			children = (
				F51F898724AD8D460066E920 /* zh-Hans */,
				F51F898924AD8D4A0066E920 /* en */,
			);
			name = InfoPlist.strings;
			sourceTree = "<group>";
		};
/* End PBXVariantGroup section */

/* Begin XCBuildConfiguration section */
		F51F897724AD87080066E920 /* Debug */ = {
			isa = XCBuildConfiguration;
			buildSettings = {
				ALWAYS_SEARCH_USER_PATHS = NO;
				CLANG_ANALYZER_LOCALIZABILITY_NONLOCALIZED = YES;
				CLANG_ANALYZER_NONNULL = YES;
				CLANG_ANALYZER_NUMBER_OBJECT_CONVERSION = YES_AGGRESSIVE;
				CLANG_CXX_LANGUAGE_STANDARD = "gnu++14";
				CLANG_CXX_LIBRARY = "libc++";
				CLANG_ENABLE_MODULES = YES;
				CLANG_ENABLE_OBJC_ARC = YES;
				CLANG_ENABLE_OBJC_WEAK = YES;
				CLANG_WARN_BLOCK_CAPTURE_AUTORELEASING = YES;
				CLANG_WARN_BOOL_CONVERSION = YES;
				CLANG_WARN_COMMA = YES;
				CLANG_WARN_CONSTANT_CONVERSION = YES;
				CLANG_WARN_DEPRECATED_OBJC_IMPLEMENTATIONS = YES;
				CLANG_WARN_DIRECT_OBJC_ISA_USAGE = YES_ERROR;
				CLANG_WARN_DOCUMENTATION_COMMENTS = YES;
				CLANG_WARN_EMPTY_BODY = YES;
				CLANG_WARN_ENUM_CONVERSION = YES;
				CLANG_WARN_INFINITE_RECURSION = YES;
				CLANG_WARN_INT_CONVERSION = YES;
				CLANG_WARN_NON_LITERAL_NULL_CONVERSION = YES;
				CLANG_WARN_OBJC_IMPLICIT_RETAIN_SELF = YES;
				CLANG_WARN_OBJC_LITERAL_CONVERSION = YES;
				CLANG_WARN_OBJC_ROOT_CLASS = YES_ERROR;
				CLANG_WARN_RANGE_LOOP_ANALYSIS = YES;
				CLANG_WARN_STRICT_PROTOTYPES = YES;
				CLANG_WARN_SUSPICIOUS_MOVE = YES;
				CLANG_WARN_UNGUARDED_AVAILABILITY = YES_AGGRESSIVE;
				CLANG_WARN_UNREACHABLE_CODE = YES;
				CLANG_WARN__DUPLICATE_METHOD_MATCH = YES;
				COPY_PHASE_STRIP = NO;
				DEBUG_INFORMATION_FORMAT = dwarf;
				ENABLE_STRICT_OBJC_MSGSEND = YES;
				ENABLE_TESTABILITY = YES;
				GCC_C_LANGUAGE_STANDARD = gnu11;
				GCC_DYNAMIC_NO_PIC = NO;
				GCC_NO_COMMON_BLOCKS = YES;
				GCC_OPTIMIZATION_LEVEL = 0;
				GCC_PREPROCESSOR_DEFINITIONS = (
					"DEBUG=1",
					"$(inherited)",
				);
				GCC_WARN_64_TO_32_BIT_CONVERSION = YES;
				GCC_WARN_ABOUT_RETURN_TYPE = YES_ERROR;
				GCC_WARN_UNDECLARED_SELECTOR = YES;
				GCC_WARN_UNINITIALIZED_AUTOS = YES_AGGRESSIVE;
				GCC_WARN_UNUSED_FUNCTION = YES;
				GCC_WARN_UNUSED_VARIABLE = YES;
				MACOSX_DEPLOYMENT_TARGET = 10.15;
				MTL_ENABLE_DEBUG_INFO = INCLUDE_SOURCE;
				MTL_FAST_MATH = YES;
				ONLY_ACTIVE_ARCH = YES;
				SDKROOT = macosx;
				SWIFT_ACTIVE_COMPILATION_CONDITIONS = DEBUG;
				SWIFT_OPTIMIZATION_LEVEL = "-Onone";
			};
			name = Debug;
		};
		F51F897824AD87080066E920 /* Release */ = {
			isa = XCBuildConfiguration;
			buildSettings = {
				ALWAYS_SEARCH_USER_PATHS = NO;
				CLANG_ANALYZER_LOCALIZABILITY_NONLOCALIZED = YES;
				CLANG_ANALYZER_NONNULL = YES;
				CLANG_ANALYZER_NUMBER_OBJECT_CONVERSION = YES_AGGRESSIVE;
				CLANG_CXX_LANGUAGE_STANDARD = "gnu++14";
				CLANG_CXX_LIBRARY = "libc++";
				CLANG_ENABLE_MODULES = YES;
				CLANG_ENABLE_OBJC_ARC = YES;
				CLANG_ENABLE_OBJC_WEAK = YES;
				CLANG_WARN_BLOCK_CAPTURE_AUTORELEASING = YES;
				CLANG_WARN_BOOL_CONVERSION = YES;
				CLANG_WARN_COMMA = YES;
				CLANG_WARN_CONSTANT_CONVERSION = YES;
				CLANG_WARN_DEPRECATED_OBJC_IMPLEMENTATIONS = YES;
				CLANG_WARN_DIRECT_OBJC_ISA_USAGE = YES_ERROR;
				CLANG_WARN_DOCUMENTATION_COMMENTS = YES;
				CLANG_WARN_EMPTY_BODY = YES;
				CLANG_WARN_ENUM_CONVERSION = YES;
				CLANG_WARN_INFINITE_RECURSION = YES;
				CLANG_WARN_INT_CONVERSION = YES;
				CLANG_WARN_NON_LITERAL_NULL_CONVERSION = YES;
				CLANG_WARN_OBJC_IMPLICIT_RETAIN_SELF = YES;
				CLANG_WARN_OBJC_LITERAL_CONVERSION = YES;
				CLANG_WARN_OBJC_ROOT_CLASS = YES_ERROR;
				CLANG_WARN_RANGE_LOOP_ANALYSIS = YES;
				CLANG_WARN_STRICT_PROTOTYPES = YES;
				CLANG_WARN_SUSPICIOUS_MOVE = YES;
				CLANG_WARN_UNGUARDED_AVAILABILITY = YES_AGGRESSIVE;
				CLANG_WARN_UNREACHABLE_CODE = YES;
				CLANG_WARN__DUPLICATE_METHOD_MATCH = YES;
				COPY_PHASE_STRIP = NO;
				DEBUG_INFORMATION_FORMAT = "dwarf-with-dsym";
				ENABLE_NS_ASSERTIONS = NO;
				ENABLE_STRICT_OBJC_MSGSEND = YES;
				GCC_C_LANGUAGE_STANDARD = gnu11;
				GCC_NO_COMMON_BLOCKS = YES;
				GCC_WARN_64_TO_32_BIT_CONVERSION = YES;
				GCC_WARN_ABOUT_RETURN_TYPE = YES_ERROR;
				GCC_WARN_UNDECLARED_SELECTOR = YES;
				GCC_WARN_UNINITIALIZED_AUTOS = YES_AGGRESSIVE;
				GCC_WARN_UNUSED_FUNCTION = YES;
				GCC_WARN_UNUSED_VARIABLE = YES;
				MACOSX_DEPLOYMENT_TARGET = 10.15;
				MTL_ENABLE_DEBUG_INFO = NO;
				MTL_FAST_MATH = YES;
				SDKROOT = macosx;
				SWIFT_COMPILATION_MODE = wholemodule;
				SWIFT_OPTIMIZATION_LEVEL = "-O";
			};
			name = Release;
		};
		F51F897A24AD87080066E920 /* Debug */ = {
			isa = XCBuildConfiguration;
			buildSettings = {
				ASSETCATALOG_COMPILER_APPICON_NAME = AppIcon;
				CODE_SIGN_ENTITLEMENTS = DNLocalMusicPlayer/DNLocalMusicPlayer.entitlements;
				CODE_SIGN_STYLE = Automatic;
				COMBINE_HIDPI_IMAGES = YES;
				INFOPLIST_FILE = DNLocalMusicPlayer/Info.plist;
				LD_RUNPATH_SEARCH_PATHS = (
					"$(inherited)",
					"@executable_path/../Frameworks",
				);
				PRODUCT_BUNDLE_IDENTIFIER = com.daning.musicplayer.DNLocalMusicPlayer;
				PRODUCT_NAME = "DN音乐";
				SWIFT_VERSION = 5.0;
			};
			name = Debug;
		};
		F51F897B24AD87080066E920 /* Release */ = {
			isa = XCBuildConfiguration;
			buildSettings = {
				ASSETCATALOG_COMPILER_APPICON_NAME = AppIcon;
				CODE_SIGN_ENTITLEMENTS = DNLocalMusicPlayer/DNLocalMusicPlayer.entitlements;
				CODE_SIGN_STYLE = Automatic;
				COMBINE_HIDPI_IMAGES = YES;
				INFOPLIST_FILE = DNLocalMusicPlayer/Info.plist;
				LD_RUNPATH_SEARCH_PATHS = (
					"$(inherited)",
					"@executable_path/../Frameworks",
				);
				PRODUCT_BUNDLE_IDENTIFIER = com.daning.musicplayer.DNLocalMusicPlayer;
				PRODUCT_NAME = "DN音乐";
				SWIFT_VERSION = 5.0;
			};
			name = Release;
		};
/* End XCBuildConfiguration section */

/* Begin XCConfigurationList section */
		F51F896224AD87060066E920 /* Build configuration list for PBXProject "DNLocalMusicPlayer" */ = {
			isa = XCConfigurationList;
			buildConfigurations = (
				F51F897724AD87080066E920 /* Debug */,
				F51F897824AD87080066E920 /* Release */,
			);
			defaultConfigurationIsVisible = 0;
			defaultConfigurationName = Release;
		};
		F51F897924AD87080066E920 /* Build configuration list for PBXNativeTarget "DNLocalMusicPlayer" */ = {
			isa = XCConfigurationList;
			buildConfigurations = (
				F51F897A24AD87080066E920 /* Debug */,
				F51F897B24AD87080066E920 /* Release */,
			);
			defaultConfigurationIsVisible = 0;
			defaultConfigurationName = Release;
		};
/* End XCConfigurationList section */
	};
	rootObject = F51F895F24AD87060066E920 /* Project object */;
}
